// !$*UTF8*$!
{
	archiveVersion = 1;
	classes = {
	};
	objectVersion = 56;
	objects = {

/* Begin PBXBuildFile section */
		4E0DC7E72A91F6BE00ED4F2B /* ContentData.swift in Sources */ = {isa = PBXBuildFile; fileRef = 4E0DC7E62A91F6BE00ED4F2B /* ContentData.swift */; };
		4E0DC7E92A92063B00ED4F2B /* FileData.swift in Sources */ = {isa = PBXBuildFile; fileRef = 4E0DC7E82A92063B00ED4F2B /* FileData.swift */; };
		4E17D8CF2BE6C20A005F8CA2 /* ReportsListViewController.swift in Sources */ = {isa = PBXBuildFile; fileRef = 4E17D8CE2BE6C20A005F8CA2 /* ReportsListViewController.swift */; };
		4E1841452BE11BA300EEECD9 /* EditDailyReportViewController.swift in Sources */ = {isa = PBXBuildFile; fileRef = 4E1841442BE11BA300EEECD9 /* EditDailyReportViewController.swift */; };
		4E1841472BE120CD00EEECD9 /* Localizable.xcstrings in Resources */ = {isa = PBXBuildFile; fileRef = 4E1841462BE120CD00EEECD9 /* Localizable.xcstrings */; };
		4E1841492BE1217300EEECD9 /* InfoPlist.xcstrings in Resources */ = {isa = PBXBuildFile; fileRef = 4E1841482BE1217300EEECD9 /* InfoPlist.xcstrings */; };
		4E18414B2BE13CE800EEECD9 /* ServerSettings.swift in Sources */ = {isa = PBXBuildFile; fileRef = 4E18414A2BE13CE800EEECD9 /* ServerSettings.swift */; };
		4E189E3E2C022FDE00EBDB21 /* TextAttributes.swift in Sources */ = {isa = PBXBuildFile; fileRef = 4E189E3D2C022FDE00EBDB21 /* TextAttributes.swift */; };
		4E189E402C0231E600EBDB21 /* FileManagerExt.swift in Sources */ = {isa = PBXBuildFile; fileRef = 4E189E3F2C0231E600EBDB21 /* FileManagerExt.swift */; };
		4E189E452C02401B00EBDB21 /* CGImage.swift in Sources */ = {isa = PBXBuildFile; fileRef = 4E189E442C02401B00EBDB21 /* CGImage.swift */; };
		4E189E472C02405A00EBDB21 /* NSAttributedString.swift in Sources */ = {isa = PBXBuildFile; fileRef = 4E189E462C02405A00EBDB21 /* NSAttributedString.swift */; };
		4E5A7C562AA8781B0048AFC5 /* LoginViewController.swift in Sources */ = {isa = PBXBuildFile; fileRef = 4E5A7C552AA8781B0048AFC5 /* LoginViewController.swift */; };
		4E6CB2852CDE70D900FC1D29 /* UserDefaults.swift in Sources */ = {isa = PBXBuildFile; fileRef = 4E6CB2832CDE70D900FC1D29 /* UserDefaults.swift */; };
		4E6CB2862CDE70D900FC1D29 /* Log.swift in Sources */ = {isa = PBXBuildFile; fileRef = 4E6CB27D2CDE70D900FC1D29 /* Log.swift */; };
		4E6CB2872CDE70D900FC1D29 /* Array.swift in Sources */ = {isa = PBXBuildFile; fileRef = 4E6CB26F2CDE70D900FC1D29 /* Array.swift */; };
		4E6CB2882CDE70D900FC1D29 /* IdProvider.swift in Sources */ = {isa = PBXBuildFile; fileRef = 4E6CB27A2CDE70D900FC1D29 /* IdProvider.swift */; };
		4E6CB2892CDE70D900FC1D29 /* Codable.swift in Sources */ = {isa = PBXBuildFile; fileRef = 4E6CB2722CDE70D900FC1D29 /* Codable.swift */; };
		4E6CB28A2CDE70D900FC1D29 /* ImageMetaData.swift in Sources */ = {isa = PBXBuildFile; fileRef = 4E6CB27B2CDE70D900FC1D29 /* ImageMetaData.swift */; };
		4E6CB28B2CDE70D900FC1D29 /* StringProtocol.swift in Sources */ = {isa = PBXBuildFile; fileRef = 4E6CB2802CDE70D900FC1D29 /* StringProtocol.swift */; };
		4E6CB28C2CDE70D900FC1D29 /* String.swift in Sources */ = {isa = PBXBuildFile; fileRef = 4E6CB27F2CDE70D900FC1D29 /* String.swift */; };
		4E6CB28D2CDE70D900FC1D29 /* AsyncOperation.swift in Sources */ = {isa = PBXBuildFile; fileRef = 4E6CB2702CDE70D900FC1D29 /* AsyncOperation.swift */; };
		4E6CB28E2CDE70D900FC1D29 /* Date.swift in Sources */ = {isa = PBXBuildFile; fileRef = 4E6CB2742CDE70D900FC1D29 /* Date.swift */; };
		4E6CB28F2CDE70D900FC1D29 /* Selectable.swift in Sources */ = {isa = PBXBuildFile; fileRef = 4E6CB27E2CDE70D900FC1D29 /* Selectable.swift */; };
		4E6CB2902CDE70D900FC1D29 /* URL.swift in Sources */ = {isa = PBXBuildFile; fileRef = 4E6CB2822CDE70D900FC1D29 /* URL.swift */; };
		4E6CB2912CDE70D900FC1D29 /* KeyedDecodingContainer.swift in Sources */ = {isa = PBXBuildFile; fileRef = 4E6CB27C2CDE70D900FC1D29 /* KeyedDecodingContainer.swift */; };
		4E6CB2922CDE70D900FC1D29 /* Double.swift in Sources */ = {isa = PBXBuildFile; fileRef = 4E6CB2762CDE70D900FC1D29 /* Double.swift */; };
		4E6CB2932CDE70D900FC1D29 /* Data.swift in Sources */ = {isa = PBXBuildFile; fileRef = 4E6CB2732CDE70D900FC1D29 /* Data.swift */; };
		4E6CB2942CDE70D900FC1D29 /* Dictionary.swift in Sources */ = {isa = PBXBuildFile; fileRef = 4E6CB2752CDE70D900FC1D29 /* Dictionary.swift */; };
		4E6CB2952CDE70D900FC1D29 /* FileManager.swift in Sources */ = {isa = PBXBuildFile; fileRef = 4E6CB2772CDE70D900FC1D29 /* FileManager.swift */; };
		4E6CB2962CDE70D900FC1D29 /* GenericError.swift in Sources */ = {isa = PBXBuildFile; fileRef = 4E6CB2782CDE70D900FC1D29 /* GenericError.swift */; };
		4E6CB2972CDE70D900FC1D29 /* IdObject.swift in Sources */ = {isa = PBXBuildFile; fileRef = 4E6CB2792CDE70D900FC1D29 /* IdObject.swift */; };
		4E6CB2982CDE70D900FC1D29 /* UUIDObject.swift in Sources */ = {isa = PBXBuildFile; fileRef = 4E6CB2842CDE70D900FC1D29 /* UUIDObject.swift */; };
		4E6CB2992CDE70D900FC1D29 /* CGRect.swift in Sources */ = {isa = PBXBuildFile; fileRef = 4E6CB2712CDE70D900FC1D29 /* CGRect.swift */; };
		4E6CB29A2CDE70D900FC1D29 /* TimeInterval.swift in Sources */ = {isa = PBXBuildFile; fileRef = 4E6CB2812CDE70D900FC1D29 /* TimeInterval.swift */; };
		4E6CB2DA2CDE716900FC1D29 /* LabeledTextareaInput.swift in Sources */ = {isa = PBXBuildFile; fileRef = 4E6CB2B42CDE716900FC1D29 /* LabeledTextareaInput.swift */; };
		4E6CB2DB2CDE716900FC1D29 /* UITextField.swift in Sources */ = {isa = PBXBuildFile; fileRef = 4E6CB2C32CDE716900FC1D29 /* UITextField.swift */; };
		4E6CB2DC2CDE716900FC1D29 /* UIImageView.swift in Sources */ = {isa = PBXBuildFile; fileRef = 4E6CB2C02CDE716900FC1D29 /* UIImageView.swift */; };
		4E6CB2DD2CDE716900FC1D29 /* InfoText.swift in Sources */ = {isa = PBXBuildFile; fileRef = 4E6CB29F2CDE716900FC1D29 /* InfoText.swift */; };
		4E6CB2DE2CDE716900FC1D29 /* UILabel.swift in Sources */ = {isa = PBXBuildFile; fileRef = 4E6CB2C12CDE716900FC1D29 /* UILabel.swift */; };
		4E6CB2DF2CDE716900FC1D29 /* UIScrollView.swift in Sources */ = {isa = PBXBuildFile; fileRef = 4E6CB2C72CDE716900FC1D29 /* UIScrollView.swift */; };
		4E6CB2E02CDE716900FC1D29 /* UIButton.swift in Sources */ = {isa = PBXBuildFile; fileRef = 4E6CB2BF2CDE716900FC1D29 /* UIButton.swift */; };
		4E6CB2E12CDE716900FC1D29 /* UISwitch.swift in Sources */ = {isa = PBXBuildFile; fileRef = 4E6CB2C22CDE716900FC1D29 /* UISwitch.swift */; };
		4E6CB2E22CDE716900FC1D29 /* UIView+Insets.swift in Sources */ = {isa = PBXBuildFile; fileRef = 4E6CB2CC2CDE716900FC1D29 /* UIView+Insets.swift */; };
		4E6CB2E32CDE716900FC1D29 /* Insets.swift in Sources */ = {isa = PBXBuildFile; fileRef = 4E6CB2A12CDE716900FC1D29 /* Insets.swift */; };
		4E6CB2E42CDE716900FC1D29 /* TableViewCell.swift in Sources */ = {isa = PBXBuildFile; fileRef = 4E6CB2A32CDE716900FC1D29 /* TableViewCell.swift */; };
		4E6CB2E52CDE716900FC1D29 /* PopupTableViewController.swift in Sources */ = {isa = PBXBuildFile; fileRef = 4E6CB2D52CDE716900FC1D29 /* PopupTableViewController.swift */; };
		4E6CB2E62CDE716900FC1D29 /* TextEditArea.swift in Sources */ = {isa = PBXBuildFile; fileRef = 4E6CB2BE2CDE716900FC1D29 /* TextEditArea.swift */; };
		4E6CB2E72CDE716900FC1D29 /* UITextView.swift in Sources */ = {isa = PBXBuildFile; fileRef = 4E6CB2C42CDE716900FC1D29 /* UITextView.swift */; };
		4E6CB2E82CDE716900FC1D29 /* LabeledSwitchView.swift in Sources */ = {isa = PBXBuildFile; fileRef = 4E6CB2B22CDE716900FC1D29 /* LabeledSwitchView.swift */; };
		4E6CB2E92CDE716900FC1D29 /* DatePicker.swift in Sources */ = {isa = PBXBuildFile; fileRef = 4E6CB2A72CDE716900FC1D29 /* DatePicker.swift */; };
		4E6CB2EA2CDE716900FC1D29 /* InfoHeader.swift in Sources */ = {isa = PBXBuildFile; fileRef = 4E6CB29E2CDE716900FC1D29 /* InfoHeader.swift */; };
		4E6CB2EB2CDE716900FC1D29 /* SectionLine.swift in Sources */ = {isa = PBXBuildFile; fileRef = 4E6CB2BA2CDE716900FC1D29 /* SectionLine.swift */; };
		4E6CB2EC2CDE716900FC1D29 /* TableSectionHeader.swift in Sources */ = {isa = PBXBuildFile; fileRef = 4E6CB2A22CDE716900FC1D29 /* TableSectionHeader.swift */; };
		4E6CB2ED2CDE716900FC1D29 /* LabeledRadioGroup.swift in Sources */ = {isa = PBXBuildFile; fileRef = 4E6CB2B02CDE716900FC1D29 /* LabeledRadioGroup.swift */; };
		4E6CB2EE2CDE716900FC1D29 /* PopupScrollViewController.swift in Sources */ = {isa = PBXBuildFile; fileRef = 4E6CB2D42CDE716900FC1D29 /* PopupScrollViewController.swift */; };
		4E6CB2EF2CDE716900FC1D29 /* RadioGroupButton.swift in Sources */ = {isa = PBXBuildFile; fileRef = 4E6CB2B92CDE716900FC1D29 /* RadioGroupButton.swift */; };
		4E6CB2F02CDE716900FC1D29 /* TextButton.swift in Sources */ = {isa = PBXBuildFile; fileRef = 4E6CB2BD2CDE716900FC1D29 /* TextButton.swift */; };
		4E6CB2F12CDE716900FC1D29 /* UIViewController+Insets.swift in Sources */ = {isa = PBXBuildFile; fileRef = 4E6CB2D82CDE716900FC1D29 /* UIViewController+Insets.swift */; };
		4E6CB2F22CDE716900FC1D29 /* IconButton.swift in Sources */ = {isa = PBXBuildFile; fileRef = 4E6CB2A82CDE716900FC1D29 /* IconButton.swift */; };
		4E6CB2F32CDE716900FC1D29 /* UIImage.swift in Sources */ = {isa = PBXBuildFile; fileRef = 4E6CB2C62CDE716900FC1D29 /* UIImage.swift */; };
		4E6CB2F42CDE716900FC1D29 /* UIStackView.swift in Sources */ = {isa = PBXBuildFile; fileRef = 4E6CB2C82CDE716900FC1D29 /* UIStackView.swift */; };
		4E6CB2F52CDE716900FC1D29 /* LabeledTextInput.swift in Sources */ = {isa = PBXBuildFile; fileRef = 4E6CB2B62CDE716900FC1D29 /* LabeledTextInput.swift */; };
		4E6CB2F62CDE716900FC1D29 /* NavTableViewController.swift in Sources */ = {isa = PBXBuildFile; fileRef = 4E6CB2D22CDE716900FC1D29 /* NavTableViewController.swift */; };
		4E6CB2F72CDE716900FC1D29 /* Indicator.swift in Sources */ = {isa = PBXBuildFile; fileRef = 4E6CB2AC2CDE716900FC1D29 /* Indicator.swift */; };
		4E6CB2F82CDE716900FC1D29 /* LabeledDatePicker.swift in Sources */ = {isa = PBXBuildFile; fileRef = 4E6CB2AF2CDE716900FC1D29 /* LabeledDatePicker.swift */; };
		4E6CB2F92CDE716900FC1D29 /* Checkbox.swift in Sources */ = {isa = PBXBuildFile; fileRef = 4E6CB2A52CDE716900FC1D29 /* Checkbox.swift */; };
		4E6CB2FA2CDE716900FC1D29 /* UIView+Subviews.swift in Sources */ = {isa = PBXBuildFile; fileRef = 4E6CB2CD2CDE716900FC1D29 /* UIView+Subviews.swift */; };
		4E6CB2FB2CDE716900FC1D29 /* UIView+Design.swift in Sources */ = {isa = PBXBuildFile; fileRef = 4E6CB2CB2CDE716900FC1D29 /* UIView+Design.swift */; };
		4E6CB2FC2CDE716900FC1D29 /* TextareaInput.swift in Sources */ = {isa = PBXBuildFile; fileRef = 4E6CB2BC2CDE716900FC1D29 /* TextareaInput.swift */; };
		4E6CB2FD2CDE716900FC1D29 /* OnOffIcon.swift in Sources */ = {isa = PBXBuildFile; fileRef = 4E6CB2B72CDE716900FC1D29 /* OnOffIcon.swift */; };
		4E6CB2FE2CDE716900FC1D29 /* LabeledTextField.swift in Sources */ = {isa = PBXBuildFile; fileRef = 4E6CB2B52CDE716900FC1D29 /* LabeledTextField.swift */; };
		4E6CB2FF2CDE716900FC1D29 /* IconTextButton.swift in Sources */ = {isa = PBXBuildFile; fileRef = 4E6CB2A92CDE716900FC1D29 /* IconTextButton.swift */; };
		4E6CB3002CDE716900FC1D29 /* NavScrollViewController.swift in Sources */ = {isa = PBXBuildFile; fileRef = 4E6CB2D12CDE716900FC1D29 /* NavScrollViewController.swift */; };
		4E6CB3012CDE716900FC1D29 /* ImagePickerController.swift in Sources */ = {isa = PBXBuildFile; fileRef = 4E6CB2CF2CDE716900FC1D29 /* ImagePickerController.swift */; };
		4E6CB3022CDE716900FC1D29 /* UIViewController.swift in Sources */ = {isa = PBXBuildFile; fileRef = 4E6CB2D72CDE716900FC1D29 /* UIViewController.swift */; };
		4E6CB3032CDE716900FC1D29 /* PopupViewController.swift in Sources */ = {isa = PBXBuildFile; fileRef = 4E6CB2D62CDE716900FC1D29 /* PopupViewController.swift */; };
		4E6CB3052CDE716900FC1D29 /* LabeledText.swift in Sources */ = {isa = PBXBuildFile; fileRef = 4E6CB2B32CDE716900FC1D29 /* LabeledText.swift */; };
		4E6CB3062CDE716900FC1D29 /* NavigationViewController.swift in Sources */ = {isa = PBXBuildFile; fileRef = 4E6CB2D02CDE716900FC1D29 /* NavigationViewController.swift */; };
		4E6CB3072CDE716900FC1D29 /* IconInfoText.swift in Sources */ = {isa = PBXBuildFile; fileRef = 4E6CB29D2CDE716900FC1D29 /* IconInfoText.swift */; };
		4E6CB3082CDE716900FC1D29 /* SectionView.swift in Sources */ = {isa = PBXBuildFile; fileRef = 4E6CB2BB2CDE716900FC1D29 /* SectionView.swift */; };
		4E6CB3092CDE716900FC1D29 /* LabeledCheckboxGroup.swift in Sources */ = {isa = PBXBuildFile; fileRef = 4E6CB2AE2CDE716900FC1D29 /* LabeledCheckboxGroup.swift */; };
		4E6CB30A2CDE716900FC1D29 /* CheckboxGroupView.swift in Sources */ = {isa = PBXBuildFile; fileRef = 4E6CB2A62CDE716900FC1D29 /* CheckboxGroupView.swift */; };
		4E6CB30B2CDE716900FC1D29 /* IconView.swift in Sources */ = {isa = PBXBuildFile; fileRef = 4E6CB2AA2CDE716900FC1D29 /* IconView.swift */; };
		4E6CB30C2CDE716900FC1D29 /* UIView.swift in Sources */ = {isa = PBXBuildFile; fileRef = 4E6CB2C92CDE716900FC1D29 /* UIView.swift */; };
		4E6CB30D2CDE716900FC1D29 /* NavViewController.swift in Sources */ = {isa = PBXBuildFile; fileRef = 4E6CB2D32CDE716900FC1D29 /* NavViewController.swift */; };
		4E6CB30E2CDE716900FC1D29 /* RadioGroup.swift in Sources */ = {isa = PBXBuildFile; fileRef = 4E6CB2B82CDE716900FC1D29 /* RadioGroup.swift */; };
		4E6CB30F2CDE716900FC1D29 /* LabeledCheckbox.swift in Sources */ = {isa = PBXBuildFile; fileRef = 4E6CB2AD2CDE716900FC1D29 /* LabeledCheckbox.swift */; };
		4E6CB3102CDE716900FC1D29 /* UIView+Anchors.swift in Sources */ = {isa = PBXBuildFile; fileRef = 4E6CB2CA2CDE716900FC1D29 /* UIView+Anchors.swift */; };
		4E6CB3112CDE716900FC1D29 /* LabeledStepperInput.swift in Sources */ = {isa = PBXBuildFile; fileRef = 4E6CB2B12CDE716900FC1D29 /* LabeledStepperInput.swift */; };
		4E6CB3132CDE780B00FC1D29 /* PhotoLibrary.swift in Sources */ = {isa = PBXBuildFile; fileRef = 4E6CB3122CDE780B00FC1D29 /* PhotoLibrary.swift */; };
		4E7799082BE773B5002D1D25 /* DailyReportViewController.swift in Sources */ = {isa = PBXBuildFile; fileRef = 4E7799072BE773B5002D1D25 /* DailyReportViewController.swift */; };
		4E7C76912C71EB7A000A66A7 /* AVCaptureDevice.swift in Sources */ = {isa = PBXBuildFile; fileRef = 4E7C76902C71EB7A000A66A7 /* AVCaptureDevice.swift */; };
		4E9FD0012AACDC1C00A66812 /* ProjectPhase.swift in Sources */ = {isa = PBXBuildFile; fileRef = 4E9FD0002AACDC1C00A66812 /* ProjectPhase.swift */; };
		4E9FD0052AADFC4600A66812 /* AppDate.swift in Sources */ = {isa = PBXBuildFile; fileRef = 4E9FD0042AADFC4600A66812 /* AppDate.swift */; };
		4EA396E62A854CAE006053A0 /* Assets.xcassets in Resources */ = {isa = PBXBuildFile; fileRef = 4EA396E52A854CAE006053A0 /* Assets.xcassets */; };
		4EA396E92A854CAE006053A0 /* LaunchScreen.storyboard in Resources */ = {isa = PBXBuildFile; fileRef = 4EA396E72A854CAE006053A0 /* LaunchScreen.storyboard */; };
		4EA3970F2A854F96006053A0 /* EditProjectViewController.swift in Sources */ = {isa = PBXBuildFile; fileRef = 4EA397092A854F96006053A0 /* EditProjectViewController.swift */; };
		4EA397112A854F96006053A0 /* ProjectPdfViewController.swift in Sources */ = {isa = PBXBuildFile; fileRef = 4EA3970B2A854F96006053A0 /* ProjectPdfViewController.swift */; };
		4EA397122A854F96006053A0 /* ProjectViewController.swift in Sources */ = {isa = PBXBuildFile; fileRef = 4EA3970C2A854F96006053A0 /* ProjectViewController.swift */; };
		4EA397142A854F96006053A0 /* ProjectData.swift in Sources */ = {isa = PBXBuildFile; fileRef = 4EA3970E2A854F96006053A0 /* ProjectData.swift */; };
		4EA3971A2A85501D006053A0 /* UnitViewController.swift in Sources */ = {isa = PBXBuildFile; fileRef = 4EA397152A85501D006053A0 /* UnitViewController.swift */; };
		4EA3971B2A85501D006053A0 /* UnitData.swift in Sources */ = {isa = PBXBuildFile; fileRef = 4EA397162A85501D006053A0 /* UnitData.swift */; };
		4EA3971C2A85501D006053A0 /* UnitPdfViewController.swift in Sources */ = {isa = PBXBuildFile; fileRef = 4EA397172A85501D006053A0 /* UnitPdfViewController.swift */; };
		4EA3971D2A85501D006053A0 /* UnitPlanView.swift in Sources */ = {isa = PBXBuildFile; fileRef = 4EA397182A85501D006053A0 /* UnitPlanView.swift */; };
		4EA3971E2A85501D006053A0 /* EditUnitViewController.swift in Sources */ = {isa = PBXBuildFile; fileRef = 4EA397192A85501D006053A0 /* EditUnitViewController.swift */; };
		4EA3972B2A85502C006053A0 /* DefectMarkerButton.swift in Sources */ = {isa = PBXBuildFile; fileRef = 4EA397202A85502C006053A0 /* DefectMarkerButton.swift */; };
		4EA3972C2A85502C006053A0 /* DefectPdfViewController.swift in Sources */ = {isa = PBXBuildFile; fileRef = 4EA397212A85502C006053A0 /* DefectPdfViewController.swift */; };
		4EA3972D2A85502C006053A0 /* LabeldDefectStateSelectField.swift in Sources */ = {isa = PBXBuildFile; fileRef = 4EA397222A85502C006053A0 /* LabeldDefectStateSelectField.swift */; };
		4EA3972E2A85502C006053A0 /* EditDefectViewController.swift in Sources */ = {isa = PBXBuildFile; fileRef = 4EA397232A85502C006053A0 /* EditDefectViewController.swift */; };
		4EA3972F2A85502C006053A0 /* DefectStatus.swift in Sources */ = {isa = PBXBuildFile; fileRef = 4EA397242A85502C006053A0 /* DefectStatus.swift */; };
		4EA397302A85502C006053A0 /* DefectData.swift in Sources */ = {isa = PBXBuildFile; fileRef = 4EA397252A85502C006053A0 /* DefectData.swift */; };
		4EA397312A85502C006053A0 /* DefectStatusData.swift in Sources */ = {isa = PBXBuildFile; fileRef = 4EA397262A85502C006053A0 /* DefectStatusData.swift */; };
		4EA397322A85502C006053A0 /* DefectViewController.swift in Sources */ = {isa = PBXBuildFile; fileRef = 4EA397272A85502C006053A0 /* DefectViewController.swift */; };
		4EA397332A85502C006053A0 /* EditDefectPositionViewController.swift in Sources */ = {isa = PBXBuildFile; fileRef = 4EA397282A85502C006053A0 /* EditDefectPositionViewController.swift */; };
		4EA397342A85502C006053A0 /* CreateStatusChangeViewController.swift in Sources */ = {isa = PBXBuildFile; fileRef = 4EA397292A85502C006053A0 /* CreateStatusChangeViewController.swift */; };
		4EA3973C2A85503A006053A0 /* EditCompanyViewController.swift in Sources */ = {isa = PBXBuildFile; fileRef = 4EA397352A855039006053A0 /* EditCompanyViewController.swift */; };
		4EA3973E2A85503A006053A0 /* LabeledCompanySelectField.swift in Sources */ = {isa = PBXBuildFile; fileRef = 4EA397372A85503A006053A0 /* LabeledCompanySelectField.swift */; };
		4EA3973F2A85503A006053A0 /* CompanyData.swift in Sources */ = {isa = PBXBuildFile; fileRef = 4EA397382A85503A006053A0 /* CompanyData.swift */; };
		4EA397402A85503A006053A0 /* CompanyViewController.swift in Sources */ = {isa = PBXBuildFile; fileRef = 4EA397392A85503A006053A0 /* CompanyViewController.swift */; };
		4EA397422A85503A006053A0 /* UserData.swift in Sources */ = {isa = PBXBuildFile; fileRef = 4EA3973B2A85503A006053A0 /* UserData.swift */; };
		4EA3974B2A855048006053A0 /* ServerViewController.swift in Sources */ = {isa = PBXBuildFile; fileRef = 4EA397462A855048006053A0 /* ServerViewController.swift */; };
		4EA3974C2A855048006053A0 /* RequestController.swift in Sources */ = {isa = PBXBuildFile; fileRef = 4EA397472A855048006053A0 /* RequestController.swift */; };
		4EA3974E2A855054006053A0 /* SettingViewController.swift in Sources */ = {isa = PBXBuildFile; fileRef = 4EA3974D2A855054006053A0 /* SettingViewController.swift */; };
		4EA397572A855061006053A0 /* ScrollViewController.swift in Sources */ = {isa = PBXBuildFile; fileRef = 4EA397502A855061006053A0 /* ScrollViewController.swift */; };
		4EA397582A855061006053A0 /* InfoViewController.swift in Sources */ = {isa = PBXBuildFile; fileRef = 4EA397512A855061006053A0 /* InfoViewController.swift */; };
		4EA397592A855061006053A0 /* EditViewController.swift in Sources */ = {isa = PBXBuildFile; fileRef = 4EA397522A855061006053A0 /* EditViewController.swift */; };
		4EA3975A2A855061006053A0 /* ModalViewController.swift in Sources */ = {isa = PBXBuildFile; fileRef = 4EA397532A855061006053A0 /* ModalViewController.swift */; };
		4EA3975C2A855061006053A0 /* BaseViewController.swift in Sources */ = {isa = PBXBuildFile; fileRef = 4EA397552A855061006053A0 /* BaseViewController.swift */; };
		4EA397A42A855080006053A0 /* PDFTextType.swift in Sources */ = {isa = PBXBuildFile; fileRef = 4EA397A12A855080006053A0 /* PDFTextType.swift */; };
		4EA397A52A855080006053A0 /* PDFRenderer.swift in Sources */ = {isa = PBXBuildFile; fileRef = 4EA397A22A855080006053A0 /* PDFRenderer.swift */; };
		4EA397A62A855080006053A0 /* PDFViewController.swift in Sources */ = {isa = PBXBuildFile; fileRef = 4EA397A32A855080006053A0 /* PDFViewController.swift */; };
		4EA397B32A85508E006053A0 /* ImageScrollView.swift in Sources */ = {isa = PBXBuildFile; fileRef = 4EA397A72A85508E006053A0 /* ImageScrollView.swift */; };
		4EA397B42A85508E006053A0 /* ImageViewController.swift in Sources */ = {isa = PBXBuildFile; fileRef = 4EA397A82A85508E006053A0 /* ImageViewController.swift */; };
		4EA397B72A85508E006053A0 /* ImageInfoViewController.swift in Sources */ = {isa = PBXBuildFile; fileRef = 4EA397AB2A85508E006053A0 /* ImageInfoViewController.swift */; };
		4EA397B82A85508E006053A0 /* ImageCollectionView.swift in Sources */ = {isa = PBXBuildFile; fileRef = 4EA397AC2A85508E006053A0 /* ImageCollectionView.swift */; };
		4EA397BD2A85508E006053A0 /* ImageFileView.swift in Sources */ = {isa = PBXBuildFile; fileRef = 4EA397B12A85508E006053A0 /* ImageFileView.swift */; };
		4EA397BE2A85508E006053A0 /* ImageData.swift in Sources */ = {isa = PBXBuildFile; fileRef = 4EA397B22A85508E006053A0 /* ImageData.swift */; };
		4EA397D62A8550AD006053A0 /* IdResponse.swift in Sources */ = {isa = PBXBuildFile; fileRef = 4EA397C72A8550AD006053A0 /* IdResponse.swift */; };
		4EA397E02A8550AD006053A0 /* BaseData.swift in Sources */ = {isa = PBXBuildFile; fileRef = 4EA397D12A8550AD006053A0 /* BaseData.swift */; };
		4EA397EA2A8550BB006053A0 /* SceneDelegate.swift in Sources */ = {isa = PBXBuildFile; fileRef = 4EA397E32A8550BB006053A0 /* SceneDelegate.swift */; };
		4EA397EC2A8550BB006053A0 /* Statics.swift in Sources */ = {isa = PBXBuildFile; fileRef = 4EA397E52A8550BB006053A0 /* Statics.swift */; };
		4EA397ED2A8550BB006053A0 /* AppDelegate.swift in Sources */ = {isa = PBXBuildFile; fileRef = 4EA397E62A8550BB006053A0 /* AppDelegate.swift */; };
		4EA397EF2A8550BB006053A0 /* AppData.swift in Sources */ = {isa = PBXBuildFile; fileRef = 4EA397E82A8550BB006053A0 /* AppData.swift */; };
		4EA397F02A8550BB006053A0 /* MainViewController.swift in Sources */ = {isa = PBXBuildFile; fileRef = 4EA397E92A8550BB006053A0 /* MainViewController.swift */; };
		4EA397F32A855197006053A0 /* Zip in Frameworks */ = {isa = PBXBuildFile; productRef = 4EA397F22A855197006053A0 /* Zip */; };
		4EA397F62A8B69A7006053A0 /* AppState.swift in Sources */ = {isa = PBXBuildFile; fileRef = 4EA397F52A8B69A7006053A0 /* AppState.swift */; };
		4EAD6D6B2BE4C999008DA206 /* WeatherData.swift in Sources */ = {isa = PBXBuildFile; fileRef = 4EAD6D6A2BE4C999008DA206 /* WeatherData.swift */; };
		4EAD6D6D2BE4D303008DA206 /* NominatimLocation.swift in Sources */ = {isa = PBXBuildFile; fileRef = 4EAD6D6C2BE4D303008DA206 /* NominatimLocation.swift */; };
		4EAD6D6F2BE4D5E6008DA206 /* WeatherStation.swift in Sources */ = {isa = PBXBuildFile; fileRef = 4EAD6D6E2BE4D5E6008DA206 /* WeatherStation.swift */; };
		4EC835522AC56A2100CB138C /* LabeledPhaseSelectField.swift in Sources */ = {isa = PBXBuildFile; fileRef = 4EC835512AC56A2100CB138C /* LabeledPhaseSelectField.swift */; };
		4ED8E4F02BE0209B00F28AAA /* DailyReport.swift in Sources */ = {isa = PBXBuildFile; fileRef = 4ED8E4EF2BE0209B00F28AAA /* DailyReport.swift */; };
		4ED8E4F22BE0216F00F28AAA /* CompanyBriefing.swift in Sources */ = {isa = PBXBuildFile; fileRef = 4ED8E4F12BE0216F00F28AAA /* CompanyBriefing.swift */; };
		4EE481DD2C80C36000BB9B73 /* Camera.xcstrings in Resources */ = {isa = PBXBuildFile; fileRef = 4EE481DB2C80C36000BB9B73 /* Camera.xcstrings */; };
		4EE481DE2C80C36000BB9B73 /* Base.xcstrings in Resources */ = {isa = PBXBuildFile; fileRef = 4EE481DC2C80C36000BB9B73 /* Base.xcstrings */; };
		4EE8BFD52ABAF54E00A98628 /* Backup.swift in Sources */ = {isa = PBXBuildFile; fileRef = 4EE8BFD42ABAF54E00A98628 /* Backup.swift */; };
		4EEE42722BE8C1F8003A8E21 /* DailyReportPdfViewController.swift in Sources */ = {isa = PBXBuildFile; fileRef = 4EEE42712BE8C1F8003A8E21 /* DailyReportPdfViewController.swift */; };
/* End PBXBuildFile section */

/* Begin PBXFileReference section */
		4E0DC7E62A91F6BE00ED4F2B /* ContentData.swift */ = {isa = PBXFileReference; lastKnownFileType = sourcecode.swift; path = ContentData.swift; sourceTree = "<group>"; };
		4E0DC7E82A92063B00ED4F2B /* FileData.swift */ = {isa = PBXFileReference; lastKnownFileType = sourcecode.swift; path = FileData.swift; sourceTree = "<group>"; };
		4E17D8CE2BE6C20A005F8CA2 /* ReportsListViewController.swift */ = {isa = PBXFileReference; lastKnownFileType = sourcecode.swift; path = ReportsListViewController.swift; sourceTree = "<group>"; };
		4E1841442BE11BA300EEECD9 /* EditDailyReportViewController.swift */ = {isa = PBXFileReference; lastKnownFileType = sourcecode.swift; path = EditDailyReportViewController.swift; sourceTree = "<group>"; };
		4E1841462BE120CD00EEECD9 /* Localizable.xcstrings */ = {isa = PBXFileReference; lastKnownFileType = text.json.xcstrings; path = Localizable.xcstrings; sourceTree = "<group>"; };
		4E1841482BE1217300EEECD9 /* InfoPlist.xcstrings */ = {isa = PBXFileReference; lastKnownFileType = text.json.xcstrings; path = InfoPlist.xcstrings; sourceTree = "<group>"; };
		4E18414A2BE13CE800EEECD9 /* ServerSettings.swift */ = {isa = PBXFileReference; lastKnownFileType = sourcecode.swift; path = ServerSettings.swift; sourceTree = "<group>"; };
		4E189E3D2C022FDE00EBDB21 /* TextAttributes.swift */ = {isa = PBXFileReference; fileEncoding = 4; lastKnownFileType = sourcecode.swift; path = TextAttributes.swift; sourceTree = "<group>"; };
		4E189E3F2C0231E600EBDB21 /* FileManagerExt.swift */ = {isa = PBXFileReference; fileEncoding = 4; lastKnownFileType = sourcecode.swift; path = FileManagerExt.swift; sourceTree = "<group>"; };
		4E189E442C02401B00EBDB21 /* CGImage.swift */ = {isa = PBXFileReference; fileEncoding = 4; lastKnownFileType = sourcecode.swift; path = CGImage.swift; sourceTree = "<group>"; };
		4E189E462C02405A00EBDB21 /* NSAttributedString.swift */ = {isa = PBXFileReference; fileEncoding = 4; lastKnownFileType = sourcecode.swift; path = NSAttributedString.swift; sourceTree = "<group>"; };
		4E5A7C552AA8781B0048AFC5 /* LoginViewController.swift */ = {isa = PBXFileReference; lastKnownFileType = sourcecode.swift; path = LoginViewController.swift; sourceTree = "<group>"; };
		4E6CB26F2CDE70D900FC1D29 /* Array.swift */ = {isa = PBXFileReference; lastKnownFileType = sourcecode.swift; path = Array.swift; sourceTree = "<group>"; };
		4E6CB2702CDE70D900FC1D29 /* AsyncOperation.swift */ = {isa = PBXFileReference; lastKnownFileType = sourcecode.swift; path = AsyncOperation.swift; sourceTree = "<group>"; };
		4E6CB2712CDE70D900FC1D29 /* CGRect.swift */ = {isa = PBXFileReference; lastKnownFileType = sourcecode.swift; path = CGRect.swift; sourceTree = "<group>"; };
		4E6CB2722CDE70D900FC1D29 /* Codable.swift */ = {isa = PBXFileReference; lastKnownFileType = sourcecode.swift; path = Codable.swift; sourceTree = "<group>"; };
		4E6CB2732CDE70D900FC1D29 /* Data.swift */ = {isa = PBXFileReference; lastKnownFileType = sourcecode.swift; path = Data.swift; sourceTree = "<group>"; };
		4E6CB2742CDE70D900FC1D29 /* Date.swift */ = {isa = PBXFileReference; lastKnownFileType = sourcecode.swift; path = Date.swift; sourceTree = "<group>"; };
		4E6CB2752CDE70D900FC1D29 /* Dictionary.swift */ = {isa = PBXFileReference; lastKnownFileType = sourcecode.swift; path = Dictionary.swift; sourceTree = "<group>"; };
		4E6CB2762CDE70D900FC1D29 /* Double.swift */ = {isa = PBXFileReference; lastKnownFileType = sourcecode.swift; path = Double.swift; sourceTree = "<group>"; };
		4E6CB2772CDE70D900FC1D29 /* FileManager.swift */ = {isa = PBXFileReference; lastKnownFileType = sourcecode.swift; path = FileManager.swift; sourceTree = "<group>"; };
		4E6CB2782CDE70D900FC1D29 /* GenericError.swift */ = {isa = PBXFileReference; lastKnownFileType = sourcecode.swift; path = GenericError.swift; sourceTree = "<group>"; };
		4E6CB2792CDE70D900FC1D29 /* IdObject.swift */ = {isa = PBXFileReference; lastKnownFileType = sourcecode.swift; path = IdObject.swift; sourceTree = "<group>"; };
		4E6CB27A2CDE70D900FC1D29 /* IdProvider.swift */ = {isa = PBXFileReference; lastKnownFileType = sourcecode.swift; path = IdProvider.swift; sourceTree = "<group>"; };
		4E6CB27B2CDE70D900FC1D29 /* ImageMetaData.swift */ = {isa = PBXFileReference; lastKnownFileType = sourcecode.swift; path = ImageMetaData.swift; sourceTree = "<group>"; };
		4E6CB27C2CDE70D900FC1D29 /* KeyedDecodingContainer.swift */ = {isa = PBXFileReference; lastKnownFileType = sourcecode.swift; path = KeyedDecodingContainer.swift; sourceTree = "<group>"; };
		4E6CB27D2CDE70D900FC1D29 /* Log.swift */ = {isa = PBXFileReference; lastKnownFileType = sourcecode.swift; path = Log.swift; sourceTree = "<group>"; };
		4E6CB27E2CDE70D900FC1D29 /* Selectable.swift */ = {isa = PBXFileReference; lastKnownFileType = sourcecode.swift; path = Selectable.swift; sourceTree = "<group>"; };
		4E6CB27F2CDE70D900FC1D29 /* String.swift */ = {isa = PBXFileReference; lastKnownFileType = sourcecode.swift; path = String.swift; sourceTree = "<group>"; };
		4E6CB2802CDE70D900FC1D29 /* StringProtocol.swift */ = {isa = PBXFileReference; lastKnownFileType = sourcecode.swift; path = StringProtocol.swift; sourceTree = "<group>"; };
		4E6CB2812CDE70D900FC1D29 /* TimeInterval.swift */ = {isa = PBXFileReference; lastKnownFileType = sourcecode.swift; path = TimeInterval.swift; sourceTree = "<group>"; };
		4E6CB2822CDE70D900FC1D29 /* URL.swift */ = {isa = PBXFileReference; lastKnownFileType = sourcecode.swift; path = URL.swift; sourceTree = "<group>"; };
		4E6CB2832CDE70D900FC1D29 /* UserDefaults.swift */ = {isa = PBXFileReference; lastKnownFileType = sourcecode.swift; path = UserDefaults.swift; sourceTree = "<group>"; };
		4E6CB2842CDE70D900FC1D29 /* UUIDObject.swift */ = {isa = PBXFileReference; lastKnownFileType = sourcecode.swift; path = UUIDObject.swift; sourceTree = "<group>"; };
		4E6CB29D2CDE716900FC1D29 /* IconInfoText.swift */ = {isa = PBXFileReference; lastKnownFileType = sourcecode.swift; path = IconInfoText.swift; sourceTree = "<group>"; };
		4E6CB29E2CDE716900FC1D29 /* InfoHeader.swift */ = {isa = PBXFileReference; lastKnownFileType = sourcecode.swift; path = InfoHeader.swift; sourceTree = "<group>"; };
		4E6CB29F2CDE716900FC1D29 /* InfoText.swift */ = {isa = PBXFileReference; lastKnownFileType = sourcecode.swift; path = InfoText.swift; sourceTree = "<group>"; };
		4E6CB2A12CDE716900FC1D29 /* Insets.swift */ = {isa = PBXFileReference; lastKnownFileType = sourcecode.swift; path = Insets.swift; sourceTree = "<group>"; };
		4E6CB2A22CDE716900FC1D29 /* TableSectionHeader.swift */ = {isa = PBXFileReference; lastKnownFileType = sourcecode.swift; path = TableSectionHeader.swift; sourceTree = "<group>"; };
		4E6CB2A32CDE716900FC1D29 /* TableViewCell.swift */ = {isa = PBXFileReference; lastKnownFileType = sourcecode.swift; path = TableViewCell.swift; sourceTree = "<group>"; };
		4E6CB2A52CDE716900FC1D29 /* Checkbox.swift */ = {isa = PBXFileReference; lastKnownFileType = sourcecode.swift; path = Checkbox.swift; sourceTree = "<group>"; };
		4E6CB2A62CDE716900FC1D29 /* CheckboxGroupView.swift */ = {isa = PBXFileReference; lastKnownFileType = sourcecode.swift; path = CheckboxGroupView.swift; sourceTree = "<group>"; };
		4E6CB2A72CDE716900FC1D29 /* DatePicker.swift */ = {isa = PBXFileReference; lastKnownFileType = sourcecode.swift; path = DatePicker.swift; sourceTree = "<group>"; };
		4E6CB2A82CDE716900FC1D29 /* IconButton.swift */ = {isa = PBXFileReference; lastKnownFileType = sourcecode.swift; path = IconButton.swift; sourceTree = "<group>"; };
		4E6CB2A92CDE716900FC1D29 /* IconTextButton.swift */ = {isa = PBXFileReference; lastKnownFileType = sourcecode.swift; path = IconTextButton.swift; sourceTree = "<group>"; };
		4E6CB2AA2CDE716900FC1D29 /* IconView.swift */ = {isa = PBXFileReference; lastKnownFileType = sourcecode.swift; path = IconView.swift; sourceTree = "<group>"; };
		4E6CB2AC2CDE716900FC1D29 /* Indicator.swift */ = {isa = PBXFileReference; lastKnownFileType = sourcecode.swift; path = Indicator.swift; sourceTree = "<group>"; };
		4E6CB2AD2CDE716900FC1D29 /* LabeledCheckbox.swift */ = {isa = PBXFileReference; lastKnownFileType = sourcecode.swift; path = LabeledCheckbox.swift; sourceTree = "<group>"; };
		4E6CB2AE2CDE716900FC1D29 /* LabeledCheckboxGroup.swift */ = {isa = PBXFileReference; lastKnownFileType = sourcecode.swift; path = LabeledCheckboxGroup.swift; sourceTree = "<group>"; };
		4E6CB2AF2CDE716900FC1D29 /* LabeledDatePicker.swift */ = {isa = PBXFileReference; lastKnownFileType = sourcecode.swift; path = LabeledDatePicker.swift; sourceTree = "<group>"; };
		4E6CB2B02CDE716900FC1D29 /* LabeledRadioGroup.swift */ = {isa = PBXFileReference; lastKnownFileType = sourcecode.swift; path = LabeledRadioGroup.swift; sourceTree = "<group>"; };
		4E6CB2B12CDE716900FC1D29 /* LabeledStepperInput.swift */ = {isa = PBXFileReference; lastKnownFileType = sourcecode.swift; path = LabeledStepperInput.swift; sourceTree = "<group>"; };
		4E6CB2B22CDE716900FC1D29 /* LabeledSwitchView.swift */ = {isa = PBXFileReference; lastKnownFileType = sourcecode.swift; path = LabeledSwitchView.swift; sourceTree = "<group>"; };
		4E6CB2B32CDE716900FC1D29 /* LabeledText.swift */ = {isa = PBXFileReference; lastKnownFileType = sourcecode.swift; path = LabeledText.swift; sourceTree = "<group>"; };
		4E6CB2B42CDE716900FC1D29 /* LabeledTextareaInput.swift */ = {isa = PBXFileReference; lastKnownFileType = sourcecode.swift; path = LabeledTextareaInput.swift; sourceTree = "<group>"; };
		4E6CB2B52CDE716900FC1D29 /* LabeledTextField.swift */ = {isa = PBXFileReference; lastKnownFileType = sourcecode.swift; path = LabeledTextField.swift; sourceTree = "<group>"; };
		4E6CB2B62CDE716900FC1D29 /* LabeledTextInput.swift */ = {isa = PBXFileReference; lastKnownFileType = sourcecode.swift; path = LabeledTextInput.swift; sourceTree = "<group>"; };
		4E6CB2B72CDE716900FC1D29 /* OnOffIcon.swift */ = {isa = PBXFileReference; lastKnownFileType = sourcecode.swift; path = OnOffIcon.swift; sourceTree = "<group>"; };
		4E6CB2B82CDE716900FC1D29 /* RadioGroup.swift */ = {isa = PBXFileReference; lastKnownFileType = sourcecode.swift; path = RadioGroup.swift; sourceTree = "<group>"; };
		4E6CB2B92CDE716900FC1D29 /* RadioGroupButton.swift */ = {isa = PBXFileReference; lastKnownFileType = sourcecode.swift; path = RadioGroupButton.swift; sourceTree = "<group>"; };
		4E6CB2BA2CDE716900FC1D29 /* SectionLine.swift */ = {isa = PBXFileReference; lastKnownFileType = sourcecode.swift; path = SectionLine.swift; sourceTree = "<group>"; };
		4E6CB2BB2CDE716900FC1D29 /* SectionView.swift */ = {isa = PBXFileReference; lastKnownFileType = sourcecode.swift; path = SectionView.swift; sourceTree = "<group>"; };
		4E6CB2BC2CDE716900FC1D29 /* TextareaInput.swift */ = {isa = PBXFileReference; lastKnownFileType = sourcecode.swift; path = TextareaInput.swift; sourceTree = "<group>"; };
		4E6CB2BD2CDE716900FC1D29 /* TextButton.swift */ = {isa = PBXFileReference; lastKnownFileType = sourcecode.swift; path = TextButton.swift; sourceTree = "<group>"; };
		4E6CB2BE2CDE716900FC1D29 /* TextEditArea.swift */ = {isa = PBXFileReference; lastKnownFileType = sourcecode.swift; path = TextEditArea.swift; sourceTree = "<group>"; };
		4E6CB2BF2CDE716900FC1D29 /* UIButton.swift */ = {isa = PBXFileReference; lastKnownFileType = sourcecode.swift; path = UIButton.swift; sourceTree = "<group>"; };
		4E6CB2C02CDE716900FC1D29 /* UIImageView.swift */ = {isa = PBXFileReference; lastKnownFileType = sourcecode.swift; path = UIImageView.swift; sourceTree = "<group>"; };
		4E6CB2C12CDE716900FC1D29 /* UILabel.swift */ = {isa = PBXFileReference; lastKnownFileType = sourcecode.swift; path = UILabel.swift; sourceTree = "<group>"; };
		4E6CB2C22CDE716900FC1D29 /* UISwitch.swift */ = {isa = PBXFileReference; lastKnownFileType = sourcecode.swift; path = UISwitch.swift; sourceTree = "<group>"; };
		4E6CB2C32CDE716900FC1D29 /* UITextField.swift */ = {isa = PBXFileReference; lastKnownFileType = sourcecode.swift; path = UITextField.swift; sourceTree = "<group>"; };
		4E6CB2C42CDE716900FC1D29 /* UITextView.swift */ = {isa = PBXFileReference; lastKnownFileType = sourcecode.swift; path = UITextView.swift; sourceTree = "<group>"; };
		4E6CB2C62CDE716900FC1D29 /* UIImage.swift */ = {isa = PBXFileReference; lastKnownFileType = sourcecode.swift; path = UIImage.swift; sourceTree = "<group>"; };
		4E6CB2C72CDE716900FC1D29 /* UIScrollView.swift */ = {isa = PBXFileReference; lastKnownFileType = sourcecode.swift; path = UIScrollView.swift; sourceTree = "<group>"; };
		4E6CB2C82CDE716900FC1D29 /* UIStackView.swift */ = {isa = PBXFileReference; lastKnownFileType = sourcecode.swift; path = UIStackView.swift; sourceTree = "<group>"; };
		4E6CB2C92CDE716900FC1D29 /* UIView.swift */ = {isa = PBXFileReference; lastKnownFileType = sourcecode.swift; path = UIView.swift; sourceTree = "<group>"; };
		4E6CB2CA2CDE716900FC1D29 /* UIView+Anchors.swift */ = {isa = PBXFileReference; lastKnownFileType = sourcecode.swift; path = "UIView+Anchors.swift"; sourceTree = "<group>"; };
		4E6CB2CB2CDE716900FC1D29 /* UIView+Design.swift */ = {isa = PBXFileReference; lastKnownFileType = sourcecode.swift; path = "UIView+Design.swift"; sourceTree = "<group>"; };
		4E6CB2CC2CDE716900FC1D29 /* UIView+Insets.swift */ = {isa = PBXFileReference; lastKnownFileType = sourcecode.swift; path = "UIView+Insets.swift"; sourceTree = "<group>"; };
		4E6CB2CD2CDE716900FC1D29 /* UIView+Subviews.swift */ = {isa = PBXFileReference; lastKnownFileType = sourcecode.swift; path = "UIView+Subviews.swift"; sourceTree = "<group>"; };
		4E6CB2CF2CDE716900FC1D29 /* ImagePickerController.swift */ = {isa = PBXFileReference; lastKnownFileType = sourcecode.swift; path = ImagePickerController.swift; sourceTree = "<group>"; };
		4E6CB2D02CDE716900FC1D29 /* NavigationViewController.swift */ = {isa = PBXFileReference; lastKnownFileType = sourcecode.swift; path = NavigationViewController.swift; sourceTree = "<group>"; };
		4E6CB2D12CDE716900FC1D29 /* NavScrollViewController.swift */ = {isa = PBXFileReference; lastKnownFileType = sourcecode.swift; path = NavScrollViewController.swift; sourceTree = "<group>"; };
		4E6CB2D22CDE716900FC1D29 /* NavTableViewController.swift */ = {isa = PBXFileReference; lastKnownFileType = sourcecode.swift; path = NavTableViewController.swift; sourceTree = "<group>"; };
		4E6CB2D32CDE716900FC1D29 /* NavViewController.swift */ = {isa = PBXFileReference; lastKnownFileType = sourcecode.swift; path = NavViewController.swift; sourceTree = "<group>"; };
		4E6CB2D42CDE716900FC1D29 /* PopupScrollViewController.swift */ = {isa = PBXFileReference; lastKnownFileType = sourcecode.swift; path = PopupScrollViewController.swift; sourceTree = "<group>"; };
		4E6CB2D52CDE716900FC1D29 /* PopupTableViewController.swift */ = {isa = PBXFileReference; lastKnownFileType = sourcecode.swift; path = PopupTableViewController.swift; sourceTree = "<group>"; };
		4E6CB2D62CDE716900FC1D29 /* PopupViewController.swift */ = {isa = PBXFileReference; lastKnownFileType = sourcecode.swift; path = PopupViewController.swift; sourceTree = "<group>"; };
		4E6CB2D72CDE716900FC1D29 /* UIViewController.swift */ = {isa = PBXFileReference; lastKnownFileType = sourcecode.swift; path = UIViewController.swift; sourceTree = "<group>"; };
		4E6CB2D82CDE716900FC1D29 /* UIViewController+Insets.swift */ = {isa = PBXFileReference; lastKnownFileType = sourcecode.swift; path = "UIViewController+Insets.swift"; sourceTree = "<group>"; };
		4E6CB3122CDE780B00FC1D29 /* PhotoLibrary.swift */ = {isa = PBXFileReference; lastKnownFileType = sourcecode.swift; path = PhotoLibrary.swift; sourceTree = "<group>"; };
		4E7799072BE773B5002D1D25 /* DailyReportViewController.swift */ = {isa = PBXFileReference; lastKnownFileType = sourcecode.swift; path = DailyReportViewController.swift; sourceTree = "<group>"; };
		4E7C76902C71EB7A000A66A7 /* AVCaptureDevice.swift */ = {isa = PBXFileReference; fileEncoding = 4; lastKnownFileType = sourcecode.swift; path = AVCaptureDevice.swift; sourceTree = "<group>"; };
		4E9CE6AF2C80B19D00228D16 /* CoDefApp.entitlements */ = {isa = PBXFileReference; lastKnownFileType = text.plist.entitlements; path = CoDefApp.entitlements; sourceTree = "<group>"; };
		4E9FD0002AACDC1C00A66812 /* ProjectPhase.swift */ = {isa = PBXFileReference; lastKnownFileType = sourcecode.swift; path = ProjectPhase.swift; sourceTree = "<group>"; };
		4E9FD0042AADFC4600A66812 /* AppDate.swift */ = {isa = PBXFileReference; lastKnownFileType = sourcecode.swift; path = AppDate.swift; sourceTree = "<group>"; };
		4EA396D92A854CAD006053A0 /* CoDefApp.app */ = {isa = PBXFileReference; explicitFileType = wrapper.application; includeInIndex = 0; path = CoDefApp.app; sourceTree = BUILT_PRODUCTS_DIR; };
		4EA396E52A854CAE006053A0 /* Assets.xcassets */ = {isa = PBXFileReference; lastKnownFileType = folder.assetcatalog; path = Assets.xcassets; sourceTree = "<group>"; };
		4EA396E82A854CAE006053A0 /* Base */ = {isa = PBXFileReference; lastKnownFileType = file.storyboard; name = Base; path = Base.lproj/LaunchScreen.storyboard; sourceTree = "<group>"; };
		4EA396EA2A854CAE006053A0 /* Info.plist */ = {isa = PBXFileReference; lastKnownFileType = text.plist.xml; path = Info.plist; sourceTree = "<group>"; };
		4EA397092A854F96006053A0 /* EditProjectViewController.swift */ = {isa = PBXFileReference; fileEncoding = 4; lastKnownFileType = sourcecode.swift; path = EditProjectViewController.swift; sourceTree = "<group>"; };
		4EA3970B2A854F96006053A0 /* ProjectPdfViewController.swift */ = {isa = PBXFileReference; fileEncoding = 4; lastKnownFileType = sourcecode.swift; path = ProjectPdfViewController.swift; sourceTree = "<group>"; };
		4EA3970C2A854F96006053A0 /* ProjectViewController.swift */ = {isa = PBXFileReference; fileEncoding = 4; lastKnownFileType = sourcecode.swift; path = ProjectViewController.swift; sourceTree = "<group>"; };
		4EA3970E2A854F96006053A0 /* ProjectData.swift */ = {isa = PBXFileReference; fileEncoding = 4; lastKnownFileType = sourcecode.swift; path = ProjectData.swift; sourceTree = "<group>"; };
		4EA397152A85501D006053A0 /* UnitViewController.swift */ = {isa = PBXFileReference; fileEncoding = 4; lastKnownFileType = sourcecode.swift; path = UnitViewController.swift; sourceTree = "<group>"; };
		4EA397162A85501D006053A0 /* UnitData.swift */ = {isa = PBXFileReference; fileEncoding = 4; lastKnownFileType = sourcecode.swift; path = UnitData.swift; sourceTree = "<group>"; };
		4EA397172A85501D006053A0 /* UnitPdfViewController.swift */ = {isa = PBXFileReference; fileEncoding = 4; lastKnownFileType = sourcecode.swift; path = UnitPdfViewController.swift; sourceTree = "<group>"; };
		4EA397182A85501D006053A0 /* UnitPlanView.swift */ = {isa = PBXFileReference; fileEncoding = 4; lastKnownFileType = sourcecode.swift; path = UnitPlanView.swift; sourceTree = "<group>"; };
		4EA397192A85501D006053A0 /* EditUnitViewController.swift */ = {isa = PBXFileReference; fileEncoding = 4; lastKnownFileType = sourcecode.swift; path = EditUnitViewController.swift; sourceTree = "<group>"; };
		4EA397202A85502C006053A0 /* DefectMarkerButton.swift */ = {isa = PBXFileReference; fileEncoding = 4; lastKnownFileType = sourcecode.swift; path = DefectMarkerButton.swift; sourceTree = "<group>"; };
		4EA397212A85502C006053A0 /* DefectPdfViewController.swift */ = {isa = PBXFileReference; fileEncoding = 4; lastKnownFileType = sourcecode.swift; path = DefectPdfViewController.swift; sourceTree = "<group>"; };
		4EA397222A85502C006053A0 /* LabeldDefectStateSelectField.swift */ = {isa = PBXFileReference; fileEncoding = 4; lastKnownFileType = sourcecode.swift; path = LabeldDefectStateSelectField.swift; sourceTree = "<group>"; };
		4EA397232A85502C006053A0 /* EditDefectViewController.swift */ = {isa = PBXFileReference; fileEncoding = 4; lastKnownFileType = sourcecode.swift; path = EditDefectViewController.swift; sourceTree = "<group>"; };
		4EA397242A85502C006053A0 /* DefectStatus.swift */ = {isa = PBXFileReference; fileEncoding = 4; lastKnownFileType = sourcecode.swift; path = DefectStatus.swift; sourceTree = "<group>"; };
		4EA397252A85502C006053A0 /* DefectData.swift */ = {isa = PBXFileReference; fileEncoding = 4; lastKnownFileType = sourcecode.swift; path = DefectData.swift; sourceTree = "<group>"; };
		4EA397262A85502C006053A0 /* DefectStatusData.swift */ = {isa = PBXFileReference; fileEncoding = 4; lastKnownFileType = sourcecode.swift; path = DefectStatusData.swift; sourceTree = "<group>"; };
		4EA397272A85502C006053A0 /* DefectViewController.swift */ = {isa = PBXFileReference; fileEncoding = 4; lastKnownFileType = sourcecode.swift; path = DefectViewController.swift; sourceTree = "<group>"; };
		4EA397282A85502C006053A0 /* EditDefectPositionViewController.swift */ = {isa = PBXFileReference; fileEncoding = 4; lastKnownFileType = sourcecode.swift; path = EditDefectPositionViewController.swift; sourceTree = "<group>"; };
		4EA397292A85502C006053A0 /* CreateStatusChangeViewController.swift */ = {isa = PBXFileReference; fileEncoding = 4; lastKnownFileType = sourcecode.swift; path = CreateStatusChangeViewController.swift; sourceTree = "<group>"; };
		4EA397352A855039006053A0 /* EditCompanyViewController.swift */ = {isa = PBXFileReference; fileEncoding = 4; lastKnownFileType = sourcecode.swift; path = EditCompanyViewController.swift; sourceTree = "<group>"; };
		4EA397372A85503A006053A0 /* LabeledCompanySelectField.swift */ = {isa = PBXFileReference; fileEncoding = 4; lastKnownFileType = sourcecode.swift; path = LabeledCompanySelectField.swift; sourceTree = "<group>"; };
		4EA397382A85503A006053A0 /* CompanyData.swift */ = {isa = PBXFileReference; fileEncoding = 4; lastKnownFileType = sourcecode.swift; path = CompanyData.swift; sourceTree = "<group>"; };
		4EA397392A85503A006053A0 /* CompanyViewController.swift */ = {isa = PBXFileReference; fileEncoding = 4; lastKnownFileType = sourcecode.swift; path = CompanyViewController.swift; sourceTree = "<group>"; };
		4EA3973B2A85503A006053A0 /* UserData.swift */ = {isa = PBXFileReference; fileEncoding = 4; lastKnownFileType = sourcecode.swift; path = UserData.swift; sourceTree = "<group>"; };
		4EA397462A855048006053A0 /* ServerViewController.swift */ = {isa = PBXFileReference; fileEncoding = 4; lastKnownFileType = sourcecode.swift; path = ServerViewController.swift; sourceTree = "<group>"; };
		4EA397472A855048006053A0 /* RequestController.swift */ = {isa = PBXFileReference; fileEncoding = 4; lastKnownFileType = sourcecode.swift; path = RequestController.swift; sourceTree = "<group>"; };
		4EA3974D2A855054006053A0 /* SettingViewController.swift */ = {isa = PBXFileReference; fileEncoding = 4; lastKnownFileType = sourcecode.swift; path = SettingViewController.swift; sourceTree = "<group>"; };
		4EA397502A855061006053A0 /* ScrollViewController.swift */ = {isa = PBXFileReference; fileEncoding = 4; lastKnownFileType = sourcecode.swift; path = ScrollViewController.swift; sourceTree = "<group>"; };
		4EA397512A855061006053A0 /* InfoViewController.swift */ = {isa = PBXFileReference; fileEncoding = 4; lastKnownFileType = sourcecode.swift; path = InfoViewController.swift; sourceTree = "<group>"; };
		4EA397522A855061006053A0 /* EditViewController.swift */ = {isa = PBXFileReference; fileEncoding = 4; lastKnownFileType = sourcecode.swift; path = EditViewController.swift; sourceTree = "<group>"; };
		4EA397532A855061006053A0 /* ModalViewController.swift */ = {isa = PBXFileReference; fileEncoding = 4; lastKnownFileType = sourcecode.swift; path = ModalViewController.swift; sourceTree = "<group>"; };
		4EA397552A855061006053A0 /* BaseViewController.swift */ = {isa = PBXFileReference; fileEncoding = 4; lastKnownFileType = sourcecode.swift; path = BaseViewController.swift; sourceTree = "<group>"; };
		4EA397A12A855080006053A0 /* PDFTextType.swift */ = {isa = PBXFileReference; fileEncoding = 4; lastKnownFileType = sourcecode.swift; path = PDFTextType.swift; sourceTree = "<group>"; };
		4EA397A22A855080006053A0 /* PDFRenderer.swift */ = {isa = PBXFileReference; fileEncoding = 4; lastKnownFileType = sourcecode.swift; path = PDFRenderer.swift; sourceTree = "<group>"; };
		4EA397A32A855080006053A0 /* PDFViewController.swift */ = {isa = PBXFileReference; fileEncoding = 4; lastKnownFileType = sourcecode.swift; path = PDFViewController.swift; sourceTree = "<group>"; };
		4EA397A72A85508E006053A0 /* ImageScrollView.swift */ = {isa = PBXFileReference; fileEncoding = 4; lastKnownFileType = sourcecode.swift; path = ImageScrollView.swift; sourceTree = "<group>"; };
		4EA397A82A85508E006053A0 /* ImageViewController.swift */ = {isa = PBXFileReference; fileEncoding = 4; lastKnownFileType = sourcecode.swift; path = ImageViewController.swift; sourceTree = "<group>"; };
		4EA397AB2A85508E006053A0 /* ImageInfoViewController.swift */ = {isa = PBXFileReference; fileEncoding = 4; lastKnownFileType = sourcecode.swift; path = ImageInfoViewController.swift; sourceTree = "<group>"; };
		4EA397AC2A85508E006053A0 /* ImageCollectionView.swift */ = {isa = PBXFileReference; fileEncoding = 4; lastKnownFileType = sourcecode.swift; path = ImageCollectionView.swift; sourceTree = "<group>"; };
		4EA397B12A85508E006053A0 /* ImageFileView.swift */ = {isa = PBXFileReference; fileEncoding = 4; lastKnownFileType = sourcecode.swift; path = ImageFileView.swift; sourceTree = "<group>"; };
		4EA397B22A85508E006053A0 /* ImageData.swift */ = {isa = PBXFileReference; fileEncoding = 4; lastKnownFileType = sourcecode.swift; path = ImageData.swift; sourceTree = "<group>"; };
		4EA397C72A8550AD006053A0 /* IdResponse.swift */ = {isa = PBXFileReference; fileEncoding = 4; lastKnownFileType = sourcecode.swift; path = IdResponse.swift; sourceTree = "<group>"; };
		4EA397D12A8550AD006053A0 /* BaseData.swift */ = {isa = PBXFileReference; fileEncoding = 4; lastKnownFileType = sourcecode.swift; path = BaseData.swift; sourceTree = "<group>"; };
		4EA397E32A8550BB006053A0 /* SceneDelegate.swift */ = {isa = PBXFileReference; fileEncoding = 4; lastKnownFileType = sourcecode.swift; path = SceneDelegate.swift; sourceTree = "<group>"; };
		4EA397E52A8550BB006053A0 /* Statics.swift */ = {isa = PBXFileReference; fileEncoding = 4; lastKnownFileType = sourcecode.swift; path = Statics.swift; sourceTree = "<group>"; };
		4EA397E62A8550BB006053A0 /* AppDelegate.swift */ = {isa = PBXFileReference; fileEncoding = 4; lastKnownFileType = sourcecode.swift; path = AppDelegate.swift; sourceTree = "<group>"; };
		4EA397E82A8550BB006053A0 /* AppData.swift */ = {isa = PBXFileReference; fileEncoding = 4; lastKnownFileType = sourcecode.swift; path = AppData.swift; sourceTree = "<group>"; };
		4EA397E92A8550BB006053A0 /* MainViewController.swift */ = {isa = PBXFileReference; fileEncoding = 4; lastKnownFileType = sourcecode.swift; path = MainViewController.swift; sourceTree = "<group>"; };
		4EA397F52A8B69A7006053A0 /* AppState.swift */ = {isa = PBXFileReference; lastKnownFileType = sourcecode.swift; path = AppState.swift; sourceTree = "<group>"; };
		4EAD6D6A2BE4C999008DA206 /* WeatherData.swift */ = {isa = PBXFileReference; lastKnownFileType = sourcecode.swift; path = WeatherData.swift; sourceTree = "<group>"; };
		4EAD6D6C2BE4D303008DA206 /* NominatimLocation.swift */ = {isa = PBXFileReference; lastKnownFileType = sourcecode.swift; path = NominatimLocation.swift; sourceTree = "<group>"; };
		4EAD6D6E2BE4D5E6008DA206 /* WeatherStation.swift */ = {isa = PBXFileReference; lastKnownFileType = sourcecode.swift; path = WeatherStation.swift; sourceTree = "<group>"; };
		4EC835512AC56A2100CB138C /* LabeledPhaseSelectField.swift */ = {isa = PBXFileReference; lastKnownFileType = sourcecode.swift; path = LabeledPhaseSelectField.swift; sourceTree = "<group>"; };
		4ED8E4EF2BE0209B00F28AAA /* DailyReport.swift */ = {isa = PBXFileReference; lastKnownFileType = sourcecode.swift; path = DailyReport.swift; sourceTree = "<group>"; };
		4ED8E4F12BE0216F00F28AAA /* CompanyBriefing.swift */ = {isa = PBXFileReference; lastKnownFileType = sourcecode.swift; path = CompanyBriefing.swift; sourceTree = "<group>"; };
		4EE481DB2C80C36000BB9B73 /* Camera.xcstrings */ = {isa = PBXFileReference; fileEncoding = 4; lastKnownFileType = text.json.xcstrings; path = Camera.xcstrings; sourceTree = "<group>"; };
		4EE481DC2C80C36000BB9B73 /* Base.xcstrings */ = {isa = PBXFileReference; fileEncoding = 4; lastKnownFileType = text.json.xcstrings; path = Base.xcstrings; sourceTree = "<group>"; };
		4EE8BFD42ABAF54E00A98628 /* Backup.swift */ = {isa = PBXFileReference; lastKnownFileType = sourcecode.swift; path = Backup.swift; sourceTree = "<group>"; };
		4EEE42712BE8C1F8003A8E21 /* DailyReportPdfViewController.swift */ = {isa = PBXFileReference; lastKnownFileType = sourcecode.swift; path = DailyReportPdfViewController.swift; sourceTree = "<group>"; };
/* End PBXFileReference section */

/* Begin PBXFrameworksBuildPhase section */
		4EA396D62A854CAD006053A0 /* Frameworks */ = {
			isa = PBXFrameworksBuildPhase;
			buildActionMask = 2147483647;
			files = (
				4EA397F32A855197006053A0 /* Zip in Frameworks */,
			);
			runOnlyForDeploymentPostprocessing = 0;
		};
/* End PBXFrameworksBuildPhase section */

/* Begin PBXGroup section */
		4E6CB29C2CDE712400FC1D29 /* BaseIOS */ = {
			isa = PBXGroup;
			children = (
				4E6CB3152CDE7B5500FC1D29 /* Data */,
				4E6CB2A02CDE716900FC1D29 /* Info */,
				4E6CB2A12CDE716900FC1D29 /* Insets.swift */,
				4E6CB2A42CDE716900FC1D29 /* Table */,
				4E6CB2C52CDE716900FC1D29 /* UIControl */,
				4E6CB2CE2CDE716900FC1D29 /* UIView */,
				4E6CB2D92CDE716900FC1D29 /* UIViewController */,
			);
			path = BaseIOS;
			sourceTree = "<group>";
		};
		4E6CB2A02CDE716900FC1D29 /* Info */ = {
			isa = PBXGroup;
			children = (
				4E6CB29D2CDE716900FC1D29 /* IconInfoText.swift */,
				4E6CB29E2CDE716900FC1D29 /* InfoHeader.swift */,
				4E6CB29F2CDE716900FC1D29 /* InfoText.swift */,
			);
			path = Info;
			sourceTree = "<group>";
		};
		4E6CB2A42CDE716900FC1D29 /* Table */ = {
			isa = PBXGroup;
			children = (
				4E6CB2A22CDE716900FC1D29 /* TableSectionHeader.swift */,
				4E6CB2A32CDE716900FC1D29 /* TableViewCell.swift */,
			);
			path = Table;
			sourceTree = "<group>";
		};
		4E6CB2C52CDE716900FC1D29 /* UIControl */ = {
			isa = PBXGroup;
			children = (
				4E6CB2A52CDE716900FC1D29 /* Checkbox.swift */,
				4E6CB2A62CDE716900FC1D29 /* CheckboxGroupView.swift */,
				4E6CB2A72CDE716900FC1D29 /* DatePicker.swift */,
				4E6CB2A82CDE716900FC1D29 /* IconButton.swift */,
				4E6CB2A92CDE716900FC1D29 /* IconTextButton.swift */,
				4E6CB2AA2CDE716900FC1D29 /* IconView.swift */,
				4E6CB2AC2CDE716900FC1D29 /* Indicator.swift */,
				4E6CB2AD2CDE716900FC1D29 /* LabeledCheckbox.swift */,
				4E6CB2AE2CDE716900FC1D29 /* LabeledCheckboxGroup.swift */,
				4E6CB2AF2CDE716900FC1D29 /* LabeledDatePicker.swift */,
				4E6CB2B02CDE716900FC1D29 /* LabeledRadioGroup.swift */,
				4E6CB2B12CDE716900FC1D29 /* LabeledStepperInput.swift */,
				4E6CB2B22CDE716900FC1D29 /* LabeledSwitchView.swift */,
				4E6CB2B32CDE716900FC1D29 /* LabeledText.swift */,
				4E6CB2B42CDE716900FC1D29 /* LabeledTextareaInput.swift */,
				4E6CB2B52CDE716900FC1D29 /* LabeledTextField.swift */,
				4E6CB2B62CDE716900FC1D29 /* LabeledTextInput.swift */,
				4E6CB2B72CDE716900FC1D29 /* OnOffIcon.swift */,
				4E6CB2B82CDE716900FC1D29 /* RadioGroup.swift */,
				4E6CB2B92CDE716900FC1D29 /* RadioGroupButton.swift */,
				4E6CB2BA2CDE716900FC1D29 /* SectionLine.swift */,
				4E6CB2BB2CDE716900FC1D29 /* SectionView.swift */,
				4E6CB2BC2CDE716900FC1D29 /* TextareaInput.swift */,
				4E6CB2BD2CDE716900FC1D29 /* TextButton.swift */,
				4E6CB2BE2CDE716900FC1D29 /* TextEditArea.swift */,
				4E6CB2BF2CDE716900FC1D29 /* UIButton.swift */,
				4E6CB2C02CDE716900FC1D29 /* UIImageView.swift */,
				4E6CB2C12CDE716900FC1D29 /* UILabel.swift */,
				4E6CB2C22CDE716900FC1D29 /* UISwitch.swift */,
				4E6CB2C32CDE716900FC1D29 /* UITextField.swift */,
				4E6CB2C42CDE716900FC1D29 /* UITextView.swift */,
			);
			path = UIControl;
			sourceTree = "<group>";
		};
		4E6CB2CE2CDE716900FC1D29 /* UIView */ = {
			isa = PBXGroup;
			children = (
				4E6CB2C72CDE716900FC1D29 /* UIScrollView.swift */,
				4E6CB2C82CDE716900FC1D29 /* UIStackView.swift */,
				4E6CB2C92CDE716900FC1D29 /* UIView.swift */,
				4E6CB2CA2CDE716900FC1D29 /* UIView+Anchors.swift */,
				4E6CB2CB2CDE716900FC1D29 /* UIView+Design.swift */,
				4E6CB2CC2CDE716900FC1D29 /* UIView+Insets.swift */,
				4E6CB2CD2CDE716900FC1D29 /* UIView+Subviews.swift */,
			);
			path = UIView;
			sourceTree = "<group>";
		};
		4E6CB2D92CDE716900FC1D29 /* UIViewController */ = {
			isa = PBXGroup;
			children = (
				4E6CB2CF2CDE716900FC1D29 /* ImagePickerController.swift */,
				4E6CB2D02CDE716900FC1D29 /* NavigationViewController.swift */,
				4E6CB2D12CDE716900FC1D29 /* NavScrollViewController.swift */,
				4E6CB2D22CDE716900FC1D29 /* NavTableViewController.swift */,
				4E6CB2D32CDE716900FC1D29 /* NavViewController.swift */,
				4E6CB2D42CDE716900FC1D29 /* PopupScrollViewController.swift */,
				4E6CB2D52CDE716900FC1D29 /* PopupTableViewController.swift */,
				4E6CB2D62CDE716900FC1D29 /* PopupViewController.swift */,
				4E6CB2D72CDE716900FC1D29 /* UIViewController.swift */,
				4E6CB2D82CDE716900FC1D29 /* UIViewController+Insets.swift */,
			);
			path = UIViewController;
			sourceTree = "<group>";
		};
		4E6CB3142CDE7AA200FC1D29 /* BaseData */ = {
			isa = PBXGroup;
			children = (
				4E6CB3122CDE780B00FC1D29 /* PhotoLibrary.swift */,
				4E6CB26F2CDE70D900FC1D29 /* Array.swift */,
				4E6CB2702CDE70D900FC1D29 /* AsyncOperation.swift */,
				4E6CB2712CDE70D900FC1D29 /* CGRect.swift */,
				4E6CB2722CDE70D900FC1D29 /* Codable.swift */,
				4E6CB2732CDE70D900FC1D29 /* Data.swift */,
				4E6CB2742CDE70D900FC1D29 /* Date.swift */,
				4E6CB2752CDE70D900FC1D29 /* Dictionary.swift */,
				4E6CB2762CDE70D900FC1D29 /* Double.swift */,
				4E6CB2772CDE70D900FC1D29 /* FileManager.swift */,
				4E6CB2782CDE70D900FC1D29 /* GenericError.swift */,
				4E6CB2792CDE70D900FC1D29 /* IdObject.swift */,
				4E6CB27A2CDE70D900FC1D29 /* IdProvider.swift */,
				4E6CB27B2CDE70D900FC1D29 /* ImageMetaData.swift */,
				4E6CB27C2CDE70D900FC1D29 /* KeyedDecodingContainer.swift */,
				4E6CB27D2CDE70D900FC1D29 /* Log.swift */,
				4E6CB27E2CDE70D900FC1D29 /* Selectable.swift */,
				4E6CB27F2CDE70D900FC1D29 /* String.swift */,
				4E6CB2802CDE70D900FC1D29 /* StringProtocol.swift */,
				4E6CB2812CDE70D900FC1D29 /* TimeInterval.swift */,
				4E6CB2822CDE70D900FC1D29 /* URL.swift */,
				4E6CB2832CDE70D900FC1D29 /* UserDefaults.swift */,
				4E6CB2842CDE70D900FC1D29 /* UUIDObject.swift */,
			);
			path = BaseData;
			sourceTree = "<group>";
		};
		4E6CB3152CDE7B5500FC1D29 /* Data */ = {
			isa = PBXGroup;
			children = (
				4E6CB2C62CDE716900FC1D29 /* UIImage.swift */,
				4E189E462C02405A00EBDB21 /* NSAttributedString.swift */,
				4E189E442C02401B00EBDB21 /* CGImage.swift */,
				4E189E3D2C022FDE00EBDB21 /* TextAttributes.swift */,
			);
			path = Data;
			sourceTree = "<group>";
		};
		4E9FD0022AADAB3B00A66812 /* BaseCodef */ = {
			isa = PBXGroup;
			children = (
				4E7C76902C71EB7A000A66A7 /* AVCaptureDevice.swift */,
				4EA397552A855061006053A0 /* BaseViewController.swift */,
				4EA397522A855061006053A0 /* EditViewController.swift */,
				4EA397AC2A85508E006053A0 /* ImageCollectionView.swift */,
				4EA397B12A85508E006053A0 /* ImageFileView.swift */,
				4EA397AB2A85508E006053A0 /* ImageInfoViewController.swift */,
				4EA397A72A85508E006053A0 /* ImageScrollView.swift */,
				4EA397A82A85508E006053A0 /* ImageViewController.swift */,
				4EA397512A855061006053A0 /* InfoViewController.swift */,
				4EA397222A85502C006053A0 /* LabeldDefectStateSelectField.swift */,
				4EA397532A855061006053A0 /* ModalViewController.swift */,
				4EA397A22A855080006053A0 /* PDFRenderer.swift */,
				4EA397A12A855080006053A0 /* PDFTextType.swift */,
				4EA397A32A855080006053A0 /* PDFViewController.swift */,
				4EA397502A855061006053A0 /* ScrollViewController.swift */,
			);
			path = BaseCodef;
			sourceTree = "<group>";
		};
		4EA396D02A854CAD006053A0 = {
			isa = PBXGroup;
			children = (
				4EA396DB2A854CAD006053A0 /* CoDefApp */,
				4EA396DA2A854CAD006053A0 /* Products */,
			);
			sourceTree = "<group>";
		};
		4EA396DA2A854CAD006053A0 /* Products */ = {
			isa = PBXGroup;
			children = (
				4EA396D92A854CAD006053A0 /* CoDefApp.app */,
			);
			name = Products;
			sourceTree = "<group>";
		};
		4EA396DB2A854CAD006053A0 /* CoDefApp */ = {
			isa = PBXGroup;
			children = (
				4EA396E52A854CAE006053A0 /* Assets.xcassets */,
				4EE481DC2C80C36000BB9B73 /* Base.xcstrings */,
				4EE481DB2C80C36000BB9B73 /* Camera.xcstrings */,
				4E1841462BE120CD00EEECD9 /* Localizable.xcstrings */,
				4E1841482BE1217300EEECD9 /* InfoPlist.xcstrings */,
				4E9CE6AF2C80B19D00228D16 /* CoDefApp.entitlements */,
				4EA396E72A854CAE006053A0 /* LaunchScreen.storyboard */,
				4EA396EA2A854CAE006053A0 /* Info.plist */,
				4E6CB3142CDE7AA200FC1D29 /* BaseData */,
				4E6CB29C2CDE712400FC1D29 /* BaseIOS */,
				4E9FD0022AADAB3B00A66812 /* BaseCodef */,
				4EA396F12A854D5F006053A0 /* Data */,
				4EA396F92A854DB3006053A0 /* Company */,
				4EA396FC2A854DE2006053A0 /* Project */,
				4ED8E4EE2BE0204200F28AAA /* DailyReport */,
				4EA396FB2A854DD0006053A0 /* Unit */,
				4EA396FA2A854DBB006053A0 /* Defect */,
				4EA397F72A8B9153006053A0 /* DefectStatus */,
				4EA396F82A854DA9006053A0 /* Server */,
				4EA396F72A854DA0006053A0 /* Settings */,
				4EA396F02A854D55006053A0 /* Application */,
			);
			path = CoDefApp;
			sourceTree = "<group>";
		};
		4EA396F02A854D55006053A0 /* Application */ = {
			isa = PBXGroup;
			children = (
				4E189E3F2C0231E600EBDB21 /* FileManagerExt.swift */,
				4E9FD0042AADFC4600A66812 /* AppDate.swift */,
				4EA397E82A8550BB006053A0 /* AppData.swift */,
				4EA397F52A8B69A7006053A0 /* AppState.swift */,
				4EA397E62A8550BB006053A0 /* AppDelegate.swift */,
				4EA397E92A8550BB006053A0 /* MainViewController.swift */,
				4EA397E32A8550BB006053A0 /* SceneDelegate.swift */,
				4EA397E52A8550BB006053A0 /* Statics.swift */,
				4EE8BFD42ABAF54E00A98628 /* Backup.swift */,
			);
			path = Application;
			sourceTree = "<group>";
		};
		4EA396F12A854D5F006053A0 /* Data */ = {
			isa = PBXGroup;
			children = (
				4EA397D12A8550AD006053A0 /* BaseData.swift */,
				4E0DC7E62A91F6BE00ED4F2B /* ContentData.swift */,
				4E0DC7E82A92063B00ED4F2B /* FileData.swift */,
				4EA397B22A85508E006053A0 /* ImageData.swift */,
				4EA3973B2A85503A006053A0 /* UserData.swift */,
			);
			path = Data;
			sourceTree = "<group>";
		};
		4EA396F72A854DA0006053A0 /* Settings */ = {
			isa = PBXGroup;
			children = (
				4E18414A2BE13CE800EEECD9 /* ServerSettings.swift */,
				4EA3974D2A855054006053A0 /* SettingViewController.swift */,
			);
			path = Settings;
			sourceTree = "<group>";
		};
		4EA396F82A854DA9006053A0 /* Server */ = {
			isa = PBXGroup;
			children = (
				4EA397C72A8550AD006053A0 /* IdResponse.swift */,
				4E5A7C552AA8781B0048AFC5 /* LoginViewController.swift */,
				4EA397472A855048006053A0 /* RequestController.swift */,
				4EA397462A855048006053A0 /* ServerViewController.swift */,
			);
			path = Server;
			sourceTree = "<group>";
		};
		4EA396F92A854DB3006053A0 /* Company */ = {
			isa = PBXGroup;
			children = (
				4EA397352A855039006053A0 /* EditCompanyViewController.swift */,
				4EA397372A85503A006053A0 /* LabeledCompanySelectField.swift */,
				4EA397382A85503A006053A0 /* CompanyData.swift */,
				4EA397392A85503A006053A0 /* CompanyViewController.swift */,
			);
			path = Company;
			sourceTree = "<group>";
		};
		4EA396FA2A854DBB006053A0 /* Defect */ = {
			isa = PBXGroup;
			children = (
				4EA397282A85502C006053A0 /* EditDefectPositionViewController.swift */,
				4EA397232A85502C006053A0 /* EditDefectViewController.swift */,
				4EA397252A85502C006053A0 /* DefectData.swift */,
				4EA397202A85502C006053A0 /* DefectMarkerButton.swift */,
				4EA397212A85502C006053A0 /* DefectPdfViewController.swift */,
				4EA397272A85502C006053A0 /* DefectViewController.swift */,
				4EC835512AC56A2100CB138C /* LabeledPhaseSelectField.swift */,
			);
			path = Defect;
			sourceTree = "<group>";
		};
		4EA396FB2A854DD0006053A0 /* Unit */ = {
			isa = PBXGroup;
			children = (
				4EA397192A85501D006053A0 /* EditUnitViewController.swift */,
				4EA397162A85501D006053A0 /* UnitData.swift */,
				4EA397172A85501D006053A0 /* UnitPdfViewController.swift */,
				4EA397182A85501D006053A0 /* UnitPlanView.swift */,
				4EA397152A85501D006053A0 /* UnitViewController.swift */,
			);
			path = Unit;
			sourceTree = "<group>";
		};
		4EA396FC2A854DE2006053A0 /* Project */ = {
			isa = PBXGroup;
			children = (
				4EA397092A854F96006053A0 /* EditProjectViewController.swift */,
				4EA3970E2A854F96006053A0 /* ProjectData.swift */,
				4EA3970B2A854F96006053A0 /* ProjectPdfViewController.swift */,
				4EA3970C2A854F96006053A0 /* ProjectViewController.swift */,
				4E9FD0002AACDC1C00A66812 /* ProjectPhase.swift */,
				4EAD6D6C2BE4D303008DA206 /* NominatimLocation.swift */,
				4EAD6D6E2BE4D5E6008DA206 /* WeatherStation.swift */,
			);
			path = Project;
			sourceTree = "<group>";
		};
		4EA397F72A8B9153006053A0 /* DefectStatus */ = {
			isa = PBXGroup;
			children = (
				4EA397242A85502C006053A0 /* DefectStatus.swift */,
				4EA397292A85502C006053A0 /* CreateStatusChangeViewController.swift */,
				4EA397262A85502C006053A0 /* DefectStatusData.swift */,
			);
			path = DefectStatus;
			sourceTree = "<group>";
		};
		4ED8E4EE2BE0204200F28AAA /* DailyReport */ = {
			isa = PBXGroup;
			children = (
				4ED8E4EF2BE0209B00F28AAA /* DailyReport.swift */,
				4ED8E4F12BE0216F00F28AAA /* CompanyBriefing.swift */,
				4EAD6D6A2BE4C999008DA206 /* WeatherData.swift */,
				4E1841442BE11BA300EEECD9 /* EditDailyReportViewController.swift */,
				4E17D8CE2BE6C20A005F8CA2 /* ReportsListViewController.swift */,
				4E7799072BE773B5002D1D25 /* DailyReportViewController.swift */,
				4EEE42712BE8C1F8003A8E21 /* DailyReportPdfViewController.swift */,
			);
			path = DailyReport;
			sourceTree = "<group>";
		};
/* End PBXGroup section */

/* Begin PBXNativeTarget section */
		4EA396D82A854CAD006053A0 /* CoDefApp */ = {
			isa = PBXNativeTarget;
			buildConfigurationList = 4EA396ED2A854CAE006053A0 /* Build configuration list for PBXNativeTarget "CoDefApp" */;
			buildPhases = (
				4EA396D52A854CAD006053A0 /* Sources */,
				4EA396D62A854CAD006053A0 /* Frameworks */,
				4EA396D72A854CAD006053A0 /* Resources */,
			);
			buildRules = (
			);
			dependencies = (
			);
			name = CoDefApp;
			packageProductDependencies = (
				4EA397F22A855197006053A0 /* Zip */,
			);
			productName = CoDefApp;
			productReference = 4EA396D92A854CAD006053A0 /* CoDefApp.app */;
			productType = "com.apple.product-type.application";
		};
/* End PBXNativeTarget section */

/* Begin PBXProject section */
		4EA396D12A854CAD006053A0 /* Project object */ = {
			isa = PBXProject;
			attributes = {
				BuildIndependentTargetsInParallel = 1;
				LastSwiftUpdateCheck = 1430;
				LastUpgradeCheck = 1530;
				TargetAttributes = {
					4EA396D82A854CAD006053A0 = {
						CreatedOnToolsVersion = 14.3.1;
					};
				};
			};
			buildConfigurationList = 4EA396D42A854CAD006053A0 /* Build configuration list for PBXProject "CoDefApp" */;
			compatibilityVersion = "Xcode 14.0";
			developmentRegion = en;
			hasScannedForEncodings = 0;
			knownRegions = (
				en,
				Base,
				de,
			);
			mainGroup = 4EA396D02A854CAD006053A0;
			packageReferences = (
				4EA397F12A855197006053A0 /* XCRemoteSwiftPackageReference "Zip" */,
			);
			productRefGroup = 4EA396DA2A854CAD006053A0 /* Products */;
			projectDirPath = "";
			projectRoot = "";
			targets = (
				4EA396D82A854CAD006053A0 /* CoDefApp */,
			);
		};
/* End PBXProject section */

/* Begin PBXResourcesBuildPhase section */
		4EA396D72A854CAD006053A0 /* Resources */ = {
			isa = PBXResourcesBuildPhase;
			buildActionMask = 2147483647;
			files = (
				4EA396E92A854CAE006053A0 /* LaunchScreen.storyboard in Resources */,
				4E1841492BE1217300EEECD9 /* InfoPlist.xcstrings in Resources */,
				4EE481DE2C80C36000BB9B73 /* Base.xcstrings in Resources */,
				4EE481DD2C80C36000BB9B73 /* Camera.xcstrings in Resources */,
				4E1841472BE120CD00EEECD9 /* Localizable.xcstrings in Resources */,
				4EA396E62A854CAE006053A0 /* Assets.xcassets in Resources */,
			);
			runOnlyForDeploymentPostprocessing = 0;
		};
/* End PBXResourcesBuildPhase section */

/* Begin PBXSourcesBuildPhase section */
		4EA396D52A854CAD006053A0 /* Sources */ = {
			isa = PBXSourcesBuildPhase;
			buildActionMask = 2147483647;
			files = (
				4EA397BD2A85508E006053A0 /* ImageFileView.swift in Sources */,
				4E5A7C562AA8781B0048AFC5 /* LoginViewController.swift in Sources */,
				4EA397ED2A8550BB006053A0 /* AppDelegate.swift in Sources */,
				4EA397142A854F96006053A0 /* ProjectData.swift in Sources */,
				4EA397F02A8550BB006053A0 /* MainViewController.swift in Sources */,
				4E7799082BE773B5002D1D25 /* DailyReportViewController.swift in Sources */,
				4EA397402A85503A006053A0 /* CompanyViewController.swift in Sources */,
				4E6CB2852CDE70D900FC1D29 /* UserDefaults.swift in Sources */,
				4E6CB2862CDE70D900FC1D29 /* Log.swift in Sources */,
				4E6CB2872CDE70D900FC1D29 /* Array.swift in Sources */,
				4E6CB2882CDE70D900FC1D29 /* IdProvider.swift in Sources */,
				4E6CB2892CDE70D900FC1D29 /* Codable.swift in Sources */,
				4E6CB28A2CDE70D900FC1D29 /* ImageMetaData.swift in Sources */,
				4E6CB28B2CDE70D900FC1D29 /* StringProtocol.swift in Sources */,
				4E6CB28C2CDE70D900FC1D29 /* String.swift in Sources */,
				4E6CB28D2CDE70D900FC1D29 /* AsyncOperation.swift in Sources */,
				4E6CB28E2CDE70D900FC1D29 /* Date.swift in Sources */,
				4E6CB28F2CDE70D900FC1D29 /* Selectable.swift in Sources */,
				4E6CB2902CDE70D900FC1D29 /* URL.swift in Sources */,
				4E6CB2912CDE70D900FC1D29 /* KeyedDecodingContainer.swift in Sources */,
				4E6CB2922CDE70D900FC1D29 /* Double.swift in Sources */,
				4E6CB2932CDE70D900FC1D29 /* Data.swift in Sources */,
				4E6CB2942CDE70D900FC1D29 /* Dictionary.swift in Sources */,
				4E6CB3132CDE780B00FC1D29 /* PhotoLibrary.swift in Sources */,
				4E6CB2952CDE70D900FC1D29 /* FileManager.swift in Sources */,
				4E6CB2962CDE70D900FC1D29 /* GenericError.swift in Sources */,
				4E6CB2972CDE70D900FC1D29 /* IdObject.swift in Sources */,
				4E6CB2982CDE70D900FC1D29 /* UUIDObject.swift in Sources */,
				4E6CB2992CDE70D900FC1D29 /* CGRect.swift in Sources */,
				4E6CB29A2CDE70D900FC1D29 /* TimeInterval.swift in Sources */,
				4E189E472C02405A00EBDB21 /* NSAttributedString.swift in Sources */,
				4EA397342A85502C006053A0 /* CreateStatusChangeViewController.swift in Sources */,
				4EA3972E2A85502C006053A0 /* EditDefectViewController.swift in Sources */,
				4EA3975C2A855061006053A0 /* BaseViewController.swift in Sources */,
				4EA3971B2A85501D006053A0 /* UnitData.swift in Sources */,
				4E9FD0052AADFC4600A66812 /* AppDate.swift in Sources */,
				4EC835522AC56A2100CB138C /* LabeledPhaseSelectField.swift in Sources */,
				4E7C76912C71EB7A000A66A7 /* AVCaptureDevice.swift in Sources */,
				4EA3972D2A85502C006053A0 /* LabeldDefectStateSelectField.swift in Sources */,
				4EA3971A2A85501D006053A0 /* UnitViewController.swift in Sources */,
				4EA397B42A85508E006053A0 /* ImageViewController.swift in Sources */,
				4EA397A52A855080006053A0 /* PDFRenderer.swift in Sources */,
				4E1841452BE11BA300EEECD9 /* EditDailyReportViewController.swift in Sources */,
				4E189E452C02401B00EBDB21 /* CGImage.swift in Sources */,
				4ED8E4F22BE0216F00F28AAA /* CompanyBriefing.swift in Sources */,
				4EA3971C2A85501D006053A0 /* UnitPdfViewController.swift in Sources */,
				4EA397D62A8550AD006053A0 /* IdResponse.swift in Sources */,
				4EA397302A85502C006053A0 /* DefectData.swift in Sources */,
				4EA397EC2A8550BB006053A0 /* Statics.swift in Sources */,
				4E189E402C0231E600EBDB21 /* FileManagerExt.swift in Sources */,
				4EA397422A85503A006053A0 /* UserData.swift in Sources */,
				4EA3973C2A85503A006053A0 /* EditCompanyViewController.swift in Sources */,
				4EA397322A85502C006053A0 /* DefectViewController.swift in Sources */,
				4EA397EF2A8550BB006053A0 /* AppData.swift in Sources */,
				4E6CB2DA2CDE716900FC1D29 /* LabeledTextareaInput.swift in Sources */,
				4E6CB2DB2CDE716900FC1D29 /* UITextField.swift in Sources */,
				4E6CB2DC2CDE716900FC1D29 /* UIImageView.swift in Sources */,
				4E6CB2DD2CDE716900FC1D29 /* InfoText.swift in Sources */,
				4E6CB2DE2CDE716900FC1D29 /* UILabel.swift in Sources */,
				4E6CB2DF2CDE716900FC1D29 /* UIScrollView.swift in Sources */,
				4E6CB2E02CDE716900FC1D29 /* UIButton.swift in Sources */,
				4E6CB2E12CDE716900FC1D29 /* UISwitch.swift in Sources */,
				4E6CB2E22CDE716900FC1D29 /* UIView+Insets.swift in Sources */,
				4E6CB2E32CDE716900FC1D29 /* Insets.swift in Sources */,
				4E6CB2E42CDE716900FC1D29 /* TableViewCell.swift in Sources */,
				4E6CB2E52CDE716900FC1D29 /* PopupTableViewController.swift in Sources */,
				4E6CB2E62CDE716900FC1D29 /* TextEditArea.swift in Sources */,
				4E6CB2E72CDE716900FC1D29 /* UITextView.swift in Sources */,
				4E6CB2E82CDE716900FC1D29 /* LabeledSwitchView.swift in Sources */,
				4E6CB2E92CDE716900FC1D29 /* DatePicker.swift in Sources */,
				4E6CB2EA2CDE716900FC1D29 /* InfoHeader.swift in Sources */,
				4E6CB2EB2CDE716900FC1D29 /* SectionLine.swift in Sources */,
				4E6CB2EC2CDE716900FC1D29 /* TableSectionHeader.swift in Sources */,
				4E6CB2ED2CDE716900FC1D29 /* LabeledRadioGroup.swift in Sources */,
				4E6CB2EE2CDE716900FC1D29 /* PopupScrollViewController.swift in Sources */,
				4E6CB2EF2CDE716900FC1D29 /* RadioGroupButton.swift in Sources */,
				4E6CB2F02CDE716900FC1D29 /* TextButton.swift in Sources */,
				4E6CB2F12CDE716900FC1D29 /* UIViewController+Insets.swift in Sources */,
				4E6CB2F22CDE716900FC1D29 /* IconButton.swift in Sources */,
				4E6CB2F32CDE716900FC1D29 /* UIImage.swift in Sources */,
				4E6CB2F42CDE716900FC1D29 /* UIStackView.swift in Sources */,
				4E6CB2F52CDE716900FC1D29 /* LabeledTextInput.swift in Sources */,
				4E6CB2F62CDE716900FC1D29 /* NavTableViewController.swift in Sources */,
				4E6CB2F72CDE716900FC1D29 /* Indicator.swift in Sources */,
				4E6CB2F82CDE716900FC1D29 /* LabeledDatePicker.swift in Sources */,
				4E6CB2F92CDE716900FC1D29 /* Checkbox.swift in Sources */,
				4E6CB2FA2CDE716900FC1D29 /* UIView+Subviews.swift in Sources */,
				4E6CB2FB2CDE716900FC1D29 /* UIView+Design.swift in Sources */,
				4E6CB2FC2CDE716900FC1D29 /* TextareaInput.swift in Sources */,
				4E6CB2FD2CDE716900FC1D29 /* OnOffIcon.swift in Sources */,
				4E6CB2FE2CDE716900FC1D29 /* LabeledTextField.swift in Sources */,
				4E6CB2FF2CDE716900FC1D29 /* IconTextButton.swift in Sources */,
				4E6CB3002CDE716900FC1D29 /* NavScrollViewController.swift in Sources */,
				4E6CB3012CDE716900FC1D29 /* ImagePickerController.swift in Sources */,
				4E6CB3022CDE716900FC1D29 /* UIViewController.swift in Sources */,
				4E6CB3032CDE716900FC1D29 /* PopupViewController.swift in Sources */,
				4E6CB3052CDE716900FC1D29 /* LabeledText.swift in Sources */,
				4E6CB3062CDE716900FC1D29 /* NavigationViewController.swift in Sources */,
				4E6CB3072CDE716900FC1D29 /* IconInfoText.swift in Sources */,
				4E6CB3082CDE716900FC1D29 /* SectionView.swift in Sources */,
				4E6CB3092CDE716900FC1D29 /* LabeledCheckboxGroup.swift in Sources */,
				4E6CB30A2CDE716900FC1D29 /* CheckboxGroupView.swift in Sources */,
				4E6CB30B2CDE716900FC1D29 /* IconView.swift in Sources */,
				4E6CB30C2CDE716900FC1D29 /* UIView.swift in Sources */,
				4E6CB30D2CDE716900FC1D29 /* NavViewController.swift in Sources */,
				4E6CB30E2CDE716900FC1D29 /* RadioGroup.swift in Sources */,
				4E6CB30F2CDE716900FC1D29 /* LabeledCheckbox.swift in Sources */,
				4E6CB3102CDE716900FC1D29 /* UIView+Anchors.swift in Sources */,
				4E6CB3112CDE716900FC1D29 /* LabeledStepperInput.swift in Sources */,
				4E0DC7E72A91F6BE00ED4F2B /* ContentData.swift in Sources */,
				4EA3972C2A85502C006053A0 /* DefectPdfViewController.swift in Sources */,
				4EA397B32A85508E006053A0 /* ImageScrollView.swift in Sources */,
				4EA397582A855061006053A0 /* InfoViewController.swift in Sources */,
				4EA397B82A85508E006053A0 /* ImageCollectionView.swift in Sources */,
				4EA3973E2A85503A006053A0 /* LabeledCompanySelectField.swift in Sources */,
				4EA397592A855061006053A0 /* EditViewController.swift in Sources */,
				4E189E3E2C022FDE00EBDB21 /* TextAttributes.swift in Sources */,
				4E18414B2BE13CE800EEECD9 /* ServerSettings.swift in Sources */,
				4EA3974C2A855048006053A0 /* RequestController.swift in Sources */,
				4EA3975A2A855061006053A0 /* ModalViewController.swift in Sources */,
				4EA397E02A8550AD006053A0 /* BaseData.swift in Sources */,
				4EA397312A85502C006053A0 /* DefectStatusData.swift in Sources */,
				4EA3972B2A85502C006053A0 /* DefectMarkerButton.swift in Sources */,
				4EA397B72A85508E006053A0 /* ImageInfoViewController.swift in Sources */,
				4EA397572A855061006053A0 /* ScrollViewController.swift in Sources */,
				4ED8E4F02BE0209B00F28AAA /* DailyReport.swift in Sources */,
				4EA397A62A855080006053A0 /* PDFViewController.swift in Sources */,
				4EEE42722BE8C1F8003A8E21 /* DailyReportPdfViewController.swift in Sources */,
				4EA397112A854F96006053A0 /* ProjectPdfViewController.swift in Sources */,
				4EA397EA2A8550BB006053A0 /* SceneDelegate.swift in Sources */,
				4EA397F62A8B69A7006053A0 /* AppState.swift in Sources */,
				4EA3974B2A855048006053A0 /* ServerViewController.swift in Sources */,
				4EAD6D6D2BE4D303008DA206 /* NominatimLocation.swift in Sources */,
				4EA3970F2A854F96006053A0 /* EditProjectViewController.swift in Sources */,
				4EA3973F2A85503A006053A0 /* CompanyData.swift in Sources */,
				4EA397122A854F96006053A0 /* ProjectViewController.swift in Sources */,
				4E9FD0012AACDC1C00A66812 /* ProjectPhase.swift in Sources */,
				4EE8BFD52ABAF54E00A98628 /* Backup.swift in Sources */,
				4EA397332A85502C006053A0 /* EditDefectPositionViewController.swift in Sources */,
				4EA397BE2A85508E006053A0 /* ImageData.swift in Sources */,
				4E0DC7E92A92063B00ED4F2B /* FileData.swift in Sources */,
				4EA3972F2A85502C006053A0 /* DefectStatus.swift in Sources */,
				4EAD6D6B2BE4C999008DA206 /* WeatherData.swift in Sources */,
				4E17D8CF2BE6C20A005F8CA2 /* ReportsListViewController.swift in Sources */,
				4EAD6D6F2BE4D5E6008DA206 /* WeatherStation.swift in Sources */,
				4EA3974E2A855054006053A0 /* SettingViewController.swift in Sources */,
				4EA3971D2A85501D006053A0 /* UnitPlanView.swift in Sources */,
				4EA3971E2A85501D006053A0 /* EditUnitViewController.swift in Sources */,
				4EA397A42A855080006053A0 /* PDFTextType.swift in Sources */,
			);
			runOnlyForDeploymentPostprocessing = 0;
		};
/* End PBXSourcesBuildPhase section */

/* Begin PBXVariantGroup section */
		4EA396E72A854CAE006053A0 /* LaunchScreen.storyboard */ = {
			isa = PBXVariantGroup;
			children = (
				4EA396E82A854CAE006053A0 /* Base */,
			);
			name = LaunchScreen.storyboard;
			sourceTree = "<group>";
		};
/* End PBXVariantGroup section */

/* Begin XCBuildConfiguration section */
		4EA396EB2A854CAE006053A0 /* Debug */ = {
			isa = XCBuildConfiguration;
			buildSettings = {
				ALWAYS_SEARCH_USER_PATHS = NO;
				ASSETCATALOG_COMPILER_GENERATE_SWIFT_ASSET_SYMBOL_EXTENSIONS = YES;
				CLANG_ANALYZER_LOCALIZABILITY_NONLOCALIZED = YES;
				CLANG_ANALYZER_NONNULL = YES;
				CLANG_ANALYZER_NUMBER_OBJECT_CONVERSION = YES_AGGRESSIVE;
				CLANG_CXX_LANGUAGE_STANDARD = "gnu++20";
				CLANG_ENABLE_MODULES = YES;
				CLANG_ENABLE_OBJC_ARC = YES;
				CLANG_ENABLE_OBJC_WEAK = YES;
				CLANG_WARN_BLOCK_CAPTURE_AUTORELEASING = YES;
				CLANG_WARN_BOOL_CONVERSION = YES;
				CLANG_WARN_COMMA = YES;
				CLANG_WARN_CONSTANT_CONVERSION = YES;
				CLANG_WARN_DEPRECATED_OBJC_IMPLEMENTATIONS = YES;
				CLANG_WARN_DIRECT_OBJC_ISA_USAGE = YES_ERROR;
				CLANG_WARN_DOCUMENTATION_COMMENTS = YES;
				CLANG_WARN_EMPTY_BODY = YES;
				CLANG_WARN_ENUM_CONVERSION = YES;
				CLANG_WARN_INFINITE_RECURSION = YES;
				CLANG_WARN_INT_CONVERSION = YES;
				CLANG_WARN_NON_LITERAL_NULL_CONVERSION = YES;
				CLANG_WARN_OBJC_IMPLICIT_RETAIN_SELF = YES;
				CLANG_WARN_OBJC_LITERAL_CONVERSION = YES;
				CLANG_WARN_OBJC_ROOT_CLASS = YES_ERROR;
				CLANG_WARN_QUOTED_INCLUDE_IN_FRAMEWORK_HEADER = YES;
				CLANG_WARN_RANGE_LOOP_ANALYSIS = YES;
				CLANG_WARN_STRICT_PROTOTYPES = YES;
				CLANG_WARN_SUSPICIOUS_MOVE = YES;
				CLANG_WARN_UNGUARDED_AVAILABILITY = YES_AGGRESSIVE;
				CLANG_WARN_UNREACHABLE_CODE = YES;
				CLANG_WARN__DUPLICATE_METHOD_MATCH = YES;
				COPY_PHASE_STRIP = NO;
				DEBUG_INFORMATION_FORMAT = dwarf;
				ENABLE_STRICT_OBJC_MSGSEND = YES;
				ENABLE_TESTABILITY = YES;
				ENABLE_USER_SCRIPT_SANDBOXING = YES;
				GCC_C_LANGUAGE_STANDARD = gnu11;
				GCC_DYNAMIC_NO_PIC = NO;
				GCC_NO_COMMON_BLOCKS = YES;
				GCC_OPTIMIZATION_LEVEL = 0;
				GCC_PREPROCESSOR_DEFINITIONS = (
					"DEBUG=1",
					"$(inherited)",
				);
				GCC_WARN_64_TO_32_BIT_CONVERSION = YES;
				GCC_WARN_ABOUT_RETURN_TYPE = YES_ERROR;
				GCC_WARN_UNDECLARED_SELECTOR = YES;
				GCC_WARN_UNINITIALIZED_AUTOS = YES_AGGRESSIVE;
				GCC_WARN_UNUSED_FUNCTION = YES;
				GCC_WARN_UNUSED_VARIABLE = YES;
				IPHONEOS_DEPLOYMENT_TARGET = 16.0;
				MTL_ENABLE_DEBUG_INFO = INCLUDE_SOURCE;
				MTL_FAST_MATH = YES;
				ONLY_ACTIVE_ARCH = YES;
				SDKROOT = iphoneos;
				SWIFT_ACTIVE_COMPILATION_CONDITIONS = DEBUG;
				SWIFT_OPTIMIZATION_LEVEL = "-Onone";
			};
			name = Debug;
		};
		4EA396EC2A854CAE006053A0 /* Release */ = {
			isa = XCBuildConfiguration;
			buildSettings = {
				ALWAYS_SEARCH_USER_PATHS = NO;
				ASSETCATALOG_COMPILER_GENERATE_SWIFT_ASSET_SYMBOL_EXTENSIONS = YES;
				CLANG_ANALYZER_LOCALIZABILITY_NONLOCALIZED = YES;
				CLANG_ANALYZER_NONNULL = YES;
				CLANG_ANALYZER_NUMBER_OBJECT_CONVERSION = YES_AGGRESSIVE;
				CLANG_CXX_LANGUAGE_STANDARD = "gnu++20";
				CLANG_ENABLE_MODULES = YES;
				CLANG_ENABLE_OBJC_ARC = YES;
				CLANG_ENABLE_OBJC_WEAK = YES;
				CLANG_WARN_BLOCK_CAPTURE_AUTORELEASING = YES;
				CLANG_WARN_BOOL_CONVERSION = YES;
				CLANG_WARN_COMMA = YES;
				CLANG_WARN_CONSTANT_CONVERSION = YES;
				CLANG_WARN_DEPRECATED_OBJC_IMPLEMENTATIONS = YES;
				CLANG_WARN_DIRECT_OBJC_ISA_USAGE = YES_ERROR;
				CLANG_WARN_DOCUMENTATION_COMMENTS = YES;
				CLANG_WARN_EMPTY_BODY = YES;
				CLANG_WARN_ENUM_CONVERSION = YES;
				CLANG_WARN_INFINITE_RECURSION = YES;
				CLANG_WARN_INT_CONVERSION = YES;
				CLANG_WARN_NON_LITERAL_NULL_CONVERSION = YES;
				CLANG_WARN_OBJC_IMPLICIT_RETAIN_SELF = YES;
				CLANG_WARN_OBJC_LITERAL_CONVERSION = YES;
				CLANG_WARN_OBJC_ROOT_CLASS = YES_ERROR;
				CLANG_WARN_QUOTED_INCLUDE_IN_FRAMEWORK_HEADER = YES;
				CLANG_WARN_RANGE_LOOP_ANALYSIS = YES;
				CLANG_WARN_STRICT_PROTOTYPES = YES;
				CLANG_WARN_SUSPICIOUS_MOVE = YES;
				CLANG_WARN_UNGUARDED_AVAILABILITY = YES_AGGRESSIVE;
				CLANG_WARN_UNREACHABLE_CODE = YES;
				CLANG_WARN__DUPLICATE_METHOD_MATCH = YES;
				COPY_PHASE_STRIP = NO;
				DEBUG_INFORMATION_FORMAT = "dwarf-with-dsym";
				ENABLE_NS_ASSERTIONS = NO;
				ENABLE_STRICT_OBJC_MSGSEND = YES;
				ENABLE_USER_SCRIPT_SANDBOXING = YES;
				GCC_C_LANGUAGE_STANDARD = gnu11;
				GCC_NO_COMMON_BLOCKS = YES;
				GCC_WARN_64_TO_32_BIT_CONVERSION = YES;
				GCC_WARN_ABOUT_RETURN_TYPE = YES_ERROR;
				GCC_WARN_UNDECLARED_SELECTOR = YES;
				GCC_WARN_UNINITIALIZED_AUTOS = YES_AGGRESSIVE;
				GCC_WARN_UNUSED_FUNCTION = YES;
				GCC_WARN_UNUSED_VARIABLE = YES;
				IPHONEOS_DEPLOYMENT_TARGET = 16.0;
				MTL_ENABLE_DEBUG_INFO = NO;
				MTL_FAST_MATH = YES;
				SDKROOT = iphoneos;
				SWIFT_COMPILATION_MODE = wholemodule;
				SWIFT_OPTIMIZATION_LEVEL = "-O";
				VALIDATE_PRODUCT = YES;
			};
			name = Release;
		};
		4EA396EE2A854CAE006053A0 /* Debug */ = {
			isa = XCBuildConfiguration;
			buildSettings = {
				ASSETCATALOG_COMPILER_APPICON_NAME = AppIcon;
				ASSETCATALOG_COMPILER_GLOBAL_ACCENT_COLOR_NAME = AccentColor;
				CODE_SIGN_ENTITLEMENTS = CoDefApp/CoDefApp.entitlements;
				CODE_SIGN_STYLE = Automatic;
				CURRENT_PROJECT_VERSION = 19;
				DEVELOPMENT_TEAM = 5UG99476V8;
				GENERATE_INFOPLIST_FILE = YES;
				INFOPLIST_FILE = CoDefApp/Info.plist;
				INFOPLIST_KEY_CFBundleDisplayName = "Construction Defect Tracker";
				INFOPLIST_KEY_LSApplicationCategoryType = "public.app-category.productivity";
				INFOPLIST_KEY_LSSupportsOpeningDocumentsInPlace = YES;
				INFOPLIST_KEY_NSCameraUsageDescription = "Access to the camera is needed for taking photos, which will be stored in the app in connection with issues.";
				INFOPLIST_KEY_NSDocumentsFolderUsageDescription = "Access to the documents folder is needed for export and backups";
				INFOPLIST_KEY_NSPhotoLibraryUsageDescription = "The access to the photo library is needed, when photos from the app are exported to the library or when photos from the library are assigned to an issue.";
				INFOPLIST_KEY_UIApplicationSupportsIndirectInputEvents = YES;
				INFOPLIST_KEY_UILaunchStoryboardName = LaunchScreen;
				INFOPLIST_KEY_UISupportedInterfaceOrientations_iPad = "UIInterfaceOrientationPortrait UIInterfaceOrientationPortraitUpsideDown UIInterfaceOrientationLandscapeLeft UIInterfaceOrientationLandscapeRight";
				INFOPLIST_KEY_UISupportedInterfaceOrientations_iPhone = "UIInterfaceOrientationPortrait UIInterfaceOrientationLandscapeLeft UIInterfaceOrientationLandscapeRight";
				IPHONEOS_DEPLOYMENT_TARGET = 17.0;
				LD_RUNPATH_SEARCH_PATHS = (
					"$(inherited)",
					"@executable_path/Frameworks",
				);
				MARKETING_VERSION = 1.3.8;
				PRODUCT_BUNDLE_IDENTIFIER = de.elbe5.codef;
				PRODUCT_NAME = "$(TARGET_NAME)";
				SUPPORTED_PLATFORMS = "iphoneos iphonesimulator";
				SUPPORTS_MACCATALYST = NO;
				SUPPORTS_MAC_DESIGNED_FOR_IPHONE_IPAD = NO;
				SUPPORTS_XR_DESIGNED_FOR_IPHONE_IPAD = NO;
				SWIFT_EMIT_LOC_STRINGS = YES;
				SWIFT_VERSION = 5.0;
				TARGETED_DEVICE_FAMILY = "1,2";
			};
			name = Debug;
		};
		4EA396EF2A854CAE006053A0 /* Release */ = {
			isa = XCBuildConfiguration;
			buildSettings = {
				ASSETCATALOG_COMPILER_APPICON_NAME = AppIcon;
				ASSETCATALOG_COMPILER_GLOBAL_ACCENT_COLOR_NAME = AccentColor;
				CODE_SIGN_ENTITLEMENTS = CoDefApp/CoDefApp.entitlements;
				CODE_SIGN_STYLE = Automatic;
				CURRENT_PROJECT_VERSION = 19;
				DEVELOPMENT_TEAM = 5UG99476V8;
				GENERATE_INFOPLIST_FILE = YES;
				INFOPLIST_FILE = CoDefApp/Info.plist;
				INFOPLIST_KEY_CFBundleDisplayName = "Construction Defect Tracker";
				INFOPLIST_KEY_LSApplicationCategoryType = "public.app-category.productivity";
				INFOPLIST_KEY_LSSupportsOpeningDocumentsInPlace = YES;
				INFOPLIST_KEY_NSCameraUsageDescription = "Access to the camera is needed for taking photos, which will be stored in the app in connection with issues.";
				INFOPLIST_KEY_NSDocumentsFolderUsageDescription = "Access to the documents folder is needed for export and backups";
				INFOPLIST_KEY_NSPhotoLibraryUsageDescription = "The access to the photo library is needed, when photos from the app are exported to the library or when photos from the library are assigned to an issue.";
				INFOPLIST_KEY_UIApplicationSupportsIndirectInputEvents = YES;
				INFOPLIST_KEY_UILaunchStoryboardName = LaunchScreen;
				INFOPLIST_KEY_UISupportedInterfaceOrientations_iPad = "UIInterfaceOrientationPortrait UIInterfaceOrientationPortraitUpsideDown UIInterfaceOrientationLandscapeLeft UIInterfaceOrientationLandscapeRight";
				INFOPLIST_KEY_UISupportedInterfaceOrientations_iPhone = "UIInterfaceOrientationPortrait UIInterfaceOrientationLandscapeLeft UIInterfaceOrientationLandscapeRight";
				IPHONEOS_DEPLOYMENT_TARGET = 17.0;
				LD_RUNPATH_SEARCH_PATHS = (
					"$(inherited)",
					"@executable_path/Frameworks",
				);
				MARKETING_VERSION = 1.3.8;
				PRODUCT_BUNDLE_IDENTIFIER = de.elbe5.codef;
				PRODUCT_NAME = "$(TARGET_NAME)";
				SUPPORTED_PLATFORMS = "iphoneos iphonesimulator";
				SUPPORTS_MACCATALYST = NO;
				SUPPORTS_MAC_DESIGNED_FOR_IPHONE_IPAD = NO;
				SUPPORTS_XR_DESIGNED_FOR_IPHONE_IPAD = NO;
				SWIFT_EMIT_LOC_STRINGS = YES;
				SWIFT_VERSION = 5.0;
				TARGETED_DEVICE_FAMILY = "1,2";
			};
			name = Release;
		};
/* End XCBuildConfiguration section */

/* Begin XCConfigurationList section */
		4EA396D42A854CAD006053A0 /* Build configuration list for PBXProject "CoDefApp" */ = {
			isa = XCConfigurationList;
			buildConfigurations = (
				4EA396EB2A854CAE006053A0 /* Debug */,
				4EA396EC2A854CAE006053A0 /* Release */,
			);
			defaultConfigurationIsVisible = 0;
			defaultConfigurationName = Release;
		};
		4EA396ED2A854CAE006053A0 /* Build configuration list for PBXNativeTarget "CoDefApp" */ = {
			isa = XCConfigurationList;
			buildConfigurations = (
				4EA396EE2A854CAE006053A0 /* Debug */,
				4EA396EF2A854CAE006053A0 /* Release */,
			);
			defaultConfigurationIsVisible = 0;
			defaultConfigurationName = Release;
		};
/* End XCConfigurationList section */

/* Begin XCRemoteSwiftPackageReference section */
		4EA397F12A855197006053A0 /* XCRemoteSwiftPackageReference "Zip" */ = {
			isa = XCRemoteSwiftPackageReference;
			repositoryURL = "https://github.com/marmelroy/Zip.git";
			requirement = {
				kind = upToNextMajorVersion;
				minimumVersion = 2.0.0;
			};
		};
/* End XCRemoteSwiftPackageReference section */

/* Begin XCSwiftPackageProductDependency section */
		4EA397F22A855197006053A0 /* Zip */ = {
			isa = XCSwiftPackageProductDependency;
			package = 4EA397F12A855197006053A0 /* XCRemoteSwiftPackageReference "Zip" */;
			productName = Zip;
		};
/* End XCSwiftPackageProductDependency section */
	};
	rootObject = 4EA396D12A854CAD006053A0 /* Project object */;
}
