{
  "originHash" : "c888610770c6cca51f66094b0e2918139bf19e2333164f9dbf6cdfb31c3569e7",
  "pins" : [
    {
      "identity" : "e5data",
      "kind" : "remoteSourceControl",
      "location" : "https://github.com/mr-elbe5/E5Data.git",
      "state" : {
        "revision" : "c1a53b09b7750a1ba6b1356ca9342ab2d531f45e",
        "version" : "1.0.26"
      }
    },
    {
      "identity" : "e5iosav",
      "kind" : "remoteSourceControl",
      "location" : "https://github.com/mr-elbe5/E5IOSAV.git",
      "state" : {
        "revision" : "b2571747c15cafb2c853b7b6486437005f776d1c",
        "version" : "1.0.14"
      }
    },
    {
      "identity" : "e5iosui",
      "kind" : "remoteSourceControl",
      "location" : "https://github.com/mr-elbe5/E5IOSUI.git",
      "state" : {
        "revision" : "2e4315db863581a4c881e7b80d165f7af872f77a",
        "version" : "1.0.25"
      }
    },
    {
      "identity" : "e5photolib",
      "kind" : "remoteSourceControl",
      "location" : "https://github.com/mr-elbe5/E5PhotoLib",
      "state" : {
        "revision" : "4f7211f70869988eb3ea6aa05c497ad8edb23413",
        "version" : "1.0.10"
      }
    },
    {
      "identity" : "zip",
      "kind" : "remoteSourceControl",
      "location" : "https://github.com/marmelroy/Zip.git",
      "state" : {
        "revision" : "67fa55813b9e7b3b9acee9c0ae501def28746d76",
        "version" : "2.1.2"
      }
    }
  ],
  "version" : 3
}
